{
  "lockfileVersion": 1,
  "configVersion": 1,
  "workspaces": {
    "": {
      "name": "agenie",
      "devDependencies": {
        "@typescript/native-preview": "7.0.0-dev.20260112.1",
        "lefthook": "^2.0.13",
        "oxfmt": "^0.23.0",
        "oxlint": "^1.38.0",
        "turbo": "2.7.4",
      },
    },
    "packages/agent": {
      "name": "@agenie/agent",
      "version": "0.0.0",
      "dependencies": {
        "@agenie/utils": "workspace:*",
        "@ai-sdk/anthropic": "3.0.9",
        "@ai-sdk/deepseek": "2.0.6",
        "@ai-sdk/google": "3.0.6",
        "@ai-sdk/groq": "3.0.8",
        "@ai-sdk/mistral": "3.0.7",
        "@ai-sdk/openai": "3.0.7",
        "@ai-sdk/xai": "3.0.23",
        "ai": "6.0.27",
        "ollama-ai-provider-v2": "2.0.0",
        "react": "catalog:",
        "zod": "catalog:",
      },
      "devDependencies": {
        "@types/bun": "catalog:dev",
        "@types/react": "catalog:dev",
      },
    },
    "packages/cli": {
      "name": "@agenie/cli",
      "version": "0.0.0",
      "bin": {
        "agenie": "./src/index.tsx",
      },
      "dependencies": {
        "@agenie/agent": "workspace:*",
        "@agenie/ui": "workspace:*",
        "@agenie/utils": "workspace:*",
        "ink": "catalog:",
        "react": "catalog:",
        "zod": "catalog:",
      },
      "devDependencies": {
        "@types/bun": "catalog:dev",
        "@types/react": "catalog:dev",
        "typescript": "catalog:dev",
      },
    },
    "packages/mcp": {
      "name": "@agenie/mcp",
      "version": "0.0.0",
      "dependencies": {
        "@agenie/utils": "workspace:*",
      },
      "devDependencies": {
        "@types/bun": "catalog:dev",
        "typescript": "catalog:dev",
      },
    },
    "packages/ui": {
      "name": "@agenie/ui",
      "version": "0.0.0",
      "dependencies": {
        "@agenie/agent": "workspace:*",
        "@agenie/utils": "workspace:*",
        "ink": "catalog:",
        "ink-big-text": "2.0.0",
        "ink-spinner": "^5.0.0",
        "ink-text-input": "^6.0.0",
        "react": "catalog:",
      },
      "devDependencies": {
        "@types/bun": "catalog:dev",
        "@types/react": "catalog:dev",
        "react-devtools-core": "7.0.1",
        "typescript": "catalog:dev",
      },
    },
    "packages/utils": {
      "name": "@agenie/utils",
      "version": "0.0.0",
      "dependencies": {
        "zod": "catalog:",
      },
      "devDependencies": {
        "@types/bun": "catalog:dev",
        "typescript": "catalog:dev",
      },
    },
    "scripts": {
      "name": "@agenie/scripts",
      "version": "0.0.0",
      "devDependencies": {
        "@agenie/utils": "workspace:*",
        "@types/bun": "catalog:dev",
        "find-up": "8.0.0",
        "typescript": "catalog:dev",
      },
    },
  },
  "catalog": {
    "ink": "^6.0.1",
    "react": "^19.2.0",
    "zod": "^4.3.5",
  },
  "catalogs": {
    "dev": {
      "@types/bun": "^1.3.5",
      "@types/react": "^19.2.7",
      "typescript": "^5.9.3",
    },
    "testing": {
    },
  },
  "packages": {
    "@agenie/agent": ["@agenie/agent@workspace:packages/agent"],

    "@agenie/cli": ["@agenie/cli@workspace:packages/cli"],

    "@agenie/mcp": ["@agenie/mcp@workspace:packages/mcp"],

    "@agenie/scripts": ["@agenie/scripts@workspace:scripts"],

    "@agenie/ui": ["@agenie/ui@workspace:packages/ui"],

    "@agenie/utils": ["@agenie/utils@workspace:packages/utils"],

    "@ai-sdk/anthropic": ["@ai-sdk/anthropic@3.0.9", "", { "dependencies": { "@ai-sdk/provider": "3.0.2", "@ai-sdk/provider-utils": "4.0.4" }, "peerDependencies": { "zod": "^3.25.76 || ^4.1.8" } }, "sha512-QBD4qDnwIHd+N5PpjxXOaWJig1aRB43J0PM5ZUe6Yyl9Qq2bUmraQjvNznkuFKy+hMFDgj0AvgGogTiO5TC+qA=="],

    "@ai-sdk/deepseek": ["@ai-sdk/deepseek@2.0.6", "", { "dependencies": { "@ai-sdk/provider": "3.0.3", "@ai-sdk/provider-utils": "4.0.6" }, "peerDependencies": { "zod": "^3.25.76 || ^4.1.8" } }, "sha512-Dw1QN4Yp7dzuFw0qGSqqOBm9VzfDHKB2HbShq3nTD9IBsCN6Ti0wWHidyp1+TO15EihsYHj3qsU1aSEFNufCcA=="],

    "@ai-sdk/gateway": ["@ai-sdk/gateway@3.0.11", "", { "dependencies": { "@ai-sdk/provider": "3.0.2", "@ai-sdk/provider-utils": "4.0.4", "@vercel/oidc": "3.1.0" }, "peerDependencies": { "zod": "^3.25.76 || ^4.1.8" } }, "sha512-gLrgNXA95wdo/zAlA0miX/SJEYKSYCHg+e0Y/uQeABLScZAMjPw3jWaeANta/Db1T4xfi8cBvY3nnV8Pa27z+w=="],

    "@ai-sdk/google": ["@ai-sdk/google@3.0.6", "", { "dependencies": { "@ai-sdk/provider": "3.0.2", "@ai-sdk/provider-utils": "4.0.4" }, "peerDependencies": { "zod": "^3.25.76 || ^4.1.8" } }, "sha512-Nr7E+ouWd/bKO9SFlgLnJJ1+fiGHC07KAeFr08faT+lvkECWlxVox3aL0dec8uCgBDUghYbq7f4S5teUrCc+QQ=="],

    "@ai-sdk/groq": ["@ai-sdk/groq@3.0.8", "", { "dependencies": { "@ai-sdk/provider": "3.0.3", "@ai-sdk/provider-utils": "4.0.6" }, "peerDependencies": { "zod": "^3.25.76 || ^4.1.8" } }, "sha512-NUh5TWpX62Ar9zaJpMxkwO5V0+neKC5vNu6Pd28qmOV4YPwNR6YgOXRlYXnDXi5w3wULVJrRAg6OBSal9vz2iA=="],

    "@ai-sdk/mistral": ["@ai-sdk/mistral@3.0.7", "", { "dependencies": { "@ai-sdk/provider": "3.0.3", "@ai-sdk/provider-utils": "4.0.6" }, "peerDependencies": { "zod": "^3.25.76 || ^4.1.8" } }, "sha512-+vFCUTxhaeX0TR16ZBscsYoIC+bgXh4bQVPSf0xGRLV563CVEslQ6qjM53uyfMvVxP3p2IXzz6X1FcAS3aAmMA=="],

    "@ai-sdk/openai": ["@ai-sdk/openai@3.0.7", "", { "dependencies": { "@ai-sdk/provider": "3.0.2", "@ai-sdk/provider-utils": "4.0.4" }, "peerDependencies": { "zod": "^3.25.76 || ^4.1.8" } }, "sha512-CBoYn1U59Lop8yBL9KuVjHCKc/B06q9Qo0SasRwHoyMEq+X4I8LQZu3a8Ck1jwwcZTTxfyiExB70LtIRSynBDA=="],

    "@ai-sdk/openai-compatible": ["@ai-sdk/openai-compatible@2.0.10", "", { "dependencies": { "@ai-sdk/provider": "3.0.3", "@ai-sdk/provider-utils": "4.0.6" }, "peerDependencies": { "zod": "^3.25.76 || ^4.1.8" } }, "sha512-dM+CXjW3+QAZVl2NKhch9T5gCa8p7CMJR16KtaRS9HzY8H/ASD8hiAssnDGz00XyOKYpDkd9Mj2mwK25u5LxnQ=="],

    "@ai-sdk/provider": ["@ai-sdk/provider@3.0.2", "", { "dependencies": { "json-schema": "^0.4.0" } }, "sha512-HrEmNt/BH/hkQ7zpi2o6N3k1ZR1QTb7z85WYhYygiTxOQuaml4CMtHCWRbric5WPU+RNsYI7r1EpyVQMKO1pYw=="],

    "@ai-sdk/provider-utils": ["@ai-sdk/provider-utils@4.0.4", "", { "dependencies": { "@ai-sdk/provider": "3.0.2", "@standard-schema/spec": "^1.1.0", "eventsource-parser": "^3.0.6" }, "peerDependencies": { "zod": "^3.25.76 || ^4.1.8" } }, "sha512-VxhX0B/dWGbpNHxrKCWUAJKXIXV015J4e7qYjdIU9lLWeptk0KMLGcqkB4wFxff5Njqur8dt8wRi1MN9lZtDqg=="],

    "@ai-sdk/xai": ["@ai-sdk/xai@3.0.23", "", { "dependencies": { "@ai-sdk/openai-compatible": "2.0.10", "@ai-sdk/provider": "3.0.3", "@ai-sdk/provider-utils": "4.0.6" }, "peerDependencies": { "zod": "^3.25.76 || ^4.1.8" } }, "sha512-sWWJK0lGNFWfGTzgFkgTRZUeXycaXY3QufMfPwev2uRYvRNF6QFGZn2Ut3PM70OVl8NP6DHMnYl0loM4VyC7ug=="],

    "@alcalzone/ansi-tokenize": ["@alcalzone/ansi-tokenize@0.2.3", "", { "dependencies": { "ansi-styles": "^6.2.1", "is-fullwidth-code-point": "^5.0.0" } }, "sha512-jsElTJ0sQ4wHRz+C45tfect76BwbTbgkgKByOzpCN9xG61N5V6u/glvg1CsNJhq2xJIFpKHSwG3D2wPPuEYOrQ=="],

    "@opentelemetry/api": ["@opentelemetry/api@1.9.0", "", {}, "sha512-3giAOQvZiH5F9bMlMiv8+GSPMeqg0dbaeo58/0SlA9sxSqZhnUtxzX9/2FzyhS9sWQf5S0GJE0AKBrFqjpeYcg=="],

    "@oxfmt/darwin-arm64": ["@oxfmt/darwin-arm64@0.23.0", "", { "os": "darwin", "cpu": "arm64" }, "sha512-shGng2EjBspvuqtFtcjcKf0WoZ9QCdL8iLYgdOoKSiSQ9pPyLJ4jQf62yhm4b2PpZNVcV/20gV6d8SyKzg6SZQ=="],

    "@oxfmt/darwin-x64": ["@oxfmt/darwin-x64@0.23.0", "", { "os": "darwin", "cpu": "x64" }, "sha512-DxQ7Hm7B+6JiIkiRU3CSJmM15nTJDDezyaAv+x9NN8BfU0C49O8JuZIFu1Lr9AKEPV+ECIYM2X4HU0xm6IdiMQ=="],

    "@oxfmt/linux-arm64-gnu": ["@oxfmt/linux-arm64-gnu@0.23.0", "", { "os": "linux", "cpu": "arm64" }, "sha512-7qTXPpENi45sEKsaYFit4VRywPVkX+ZJc5JVA17KW1coJ/SLUuRAdLjRipU+QTZsr1TF93HCmGFSlUjB7lmEVQ=="],

    "@oxfmt/linux-arm64-musl": ["@oxfmt/linux-arm64-musl@0.23.0", "", { "os": "linux", "cpu": "arm64" }, "sha512-qkFXbf+K01B++j69o9mLvvyfhmmL4+qX7hGPA2PRDkE5xxuUTWdqboQQc1FgGI0teUlIYYyxjamq9UztL2A7NA=="],

    "@oxfmt/linux-x64-gnu": ["@oxfmt/linux-x64-gnu@0.23.0", "", { "os": "linux", "cpu": "x64" }, "sha512-J7Q13Ujyn8IgjHD96urA377GOy8HerxC13OrEyYaM8iwH3gc/EoboK9AKu0bxp9qai4btPFDhnkRnpCwJE9pAw=="],

    "@oxfmt/linux-x64-musl": ["@oxfmt/linux-x64-musl@0.23.0", "", { "os": "linux", "cpu": "x64" }, "sha512-3gb25Zk2/y4An8fi399KdpLkDYFTJEB5Nq/sSHmeXG0pZlR/jnKoXEFHsjU+9nqF2wsuZ+tmkoi/swcaGG8+Qg=="],

    "@oxfmt/win32-arm64": ["@oxfmt/win32-arm64@0.23.0", "", { "os": "win32", "cpu": "arm64" }, "sha512-JKfRP2ENWwRZ73rMZFyChvRi/+oDEW+3obp1XIwecot8gvDHgGZ4nX3hTp4VPiBFL89JORMpWSKzJvjRDucJIw=="],

    "@oxfmt/win32-x64": ["@oxfmt/win32-x64@0.23.0", "", { "os": "win32", "cpu": "x64" }, "sha512-vgqtYK1X1n/KexCNQKWXao3hyOnmWuCzk2sQyCSpkLhjSNIDPm7dmnEkvOXhf1t0O5RjCwHpk2VB6Fuaq3GULg=="],

    "@oxlint/darwin-arm64": ["@oxlint/darwin-arm64@1.39.0", "", { "os": "darwin", "cpu": "arm64" }, "sha512-lT3hNhIa02xCujI6YGgjmYGg3Ht/X9ag5ipUVETaMpx5Rd4BbTNWUPif1WN1YZHxt3KLCIqaAe7zVhatv83HOQ=="],

    "@oxlint/darwin-x64": ["@oxlint/darwin-x64@1.39.0", "", { "os": "darwin", "cpu": "x64" }, "sha512-UT+rfTWd+Yr7iJeSLd/7nF8X4gTYssKh+n77hxl6Oilp3NnG1CKRHxZDy3o3lIBnwgzJkdyUAiYWO1bTMXQ1lA=="],

    "@oxlint/linux-arm64-gnu": ["@oxlint/linux-arm64-gnu@1.39.0", "", { "os": "linux", "cpu": "arm64" }, "sha512-qocBkvS2V6rH0t9AT3DfQunMnj3xkM7srs5/Ycj2j5ZqMoaWd/FxHNVJDFP++35roKSvsRJoS0mtA8/77jqm6Q=="],

    "@oxlint/linux-arm64-musl": ["@oxlint/linux-arm64-musl@1.39.0", "", { "os": "linux", "cpu": "arm64" }, "sha512-arZzAc1PPcz9epvGBBCMHICeyQloKtHX3eoOe62B3Dskn7gf6Q14wnDHr1r9Vp4vtcBATNq6HlKV14smdlC/qA=="],

    "@oxlint/linux-x64-gnu": ["@oxlint/linux-x64-gnu@1.39.0", "", { "os": "linux", "cpu": "x64" }, "sha512-ZVt5qsECpuNprdWxAPpDBwoixr1VTcZ4qAEQA2l/wmFyVPDYFD3oBY/SWACNnWBddMrswjTg9O8ALxYWoEpmXw=="],

    "@oxlint/linux-x64-musl": ["@oxlint/linux-x64-musl@1.39.0", "", { "os": "linux", "cpu": "x64" }, "sha512-pB0hlGyKPbxr9NMIV783lD6cWL3MpaqnZRM9MWni4yBdHPTKyFNYdg5hGD0Bwg+UP4S2rOevq/+OO9x9Bi7E6g=="],

    "@oxlint/win32-arm64": ["@oxlint/win32-arm64@1.39.0", "", { "os": "win32", "cpu": "arm64" }, "sha512-Gg2SFaJohI9+tIQVKXlPw3FsPQFi/eCSWiCgwPtPn5uzQxHRTeQEZKuluz1fuzR5U70TXubb2liZi4Dgl8LJQA=="],

    "@oxlint/win32-x64": ["@oxlint/win32-x64@1.39.0", "", { "os": "win32", "cpu": "x64" }, "sha512-sbi25lfj74hH+6qQtb7s1wEvd1j8OQbTaH8v3xTcDjrwm579Cyh0HBv1YSZ2+gsnVwfVDiCTL1D0JsNqYXszVA=="],

    "@standard-schema/spec": ["@standard-schema/spec@1.1.0", "", {}, "sha512-l2aFy5jALhniG5HgqrD6jXLi/rUWrKvqN/qJx6yoJsgKhblVd+iqqU4RCXavm/jPityDo5TCvKMnpjKnOriy0w=="],

    "@types/bun": ["@types/bun@1.3.6", "", { "dependencies": { "bun-types": "1.3.6" } }, "sha512-uWCv6FO/8LcpREhenN1d1b6fcspAB+cefwD7uti8C8VffIv0Um08TKMn98FynpTiU38+y2dUO55T11NgDt8VAA=="],

    "@types/node": ["@types/node@25.0.8", "", { "dependencies": { "undici-types": "~7.16.0" } }, "sha512-powIePYMmC3ibL0UJ2i2s0WIbq6cg6UyVFQxSCpaPxxzAaziRfimGivjdF943sSGV6RADVbk0Nvlm5P/FB44Zg=="],

    "@types/react": ["@types/react@19.2.8", "", { "dependencies": { "csstype": "^3.2.2" } }, "sha512-3MbSL37jEchWZz2p2mjntRZtPt837ij10ApxKfgmXCTuHWagYg7iA5bqPw6C8BMPfwidlvfPI/fxOc42HLhcyg=="],

    "@typescript/native-preview": ["@typescript/native-preview@7.0.0-dev.20260112.1", "", { "optionalDependencies": { "@typescript/native-preview-darwin-arm64": "7.0.0-dev.20260112.1", "@typescript/native-preview-darwin-x64": "7.0.0-dev.20260112.1", "@typescript/native-preview-linux-arm": "7.0.0-dev.20260112.1", "@typescript/native-preview-linux-arm64": "7.0.0-dev.20260112.1", "@typescript/native-preview-linux-x64": "7.0.0-dev.20260112.1", "@typescript/native-preview-win32-arm64": "7.0.0-dev.20260112.1", "@typescript/native-preview-win32-x64": "7.0.0-dev.20260112.1" }, "bin": { "tsgo": "bin/tsgo.js" } }, "sha512-DvUmkkJ5BePLmZbQ9OecQr6wRVUlWbNz/bNEYmTcl7+0qwF8KtgPGriWiyuIzs+TiIhjf3HM1tt5OC/uBHNJsw=="],

    "@typescript/native-preview-darwin-arm64": ["@typescript/native-preview-darwin-arm64@7.0.0-dev.20260112.1", "", { "os": "darwin", "cpu": "arm64" }, "sha512-FUOOGN0/9LF+AOX07SOqfX1hBQfP3rezMFCwDlwAVW52leJ2Fur8efrQR5oUNL8hDt/NMGJwsg3wreZGdYSqJg=="],

    "@typescript/native-preview-darwin-x64": ["@typescript/native-preview-darwin-x64@7.0.0-dev.20260112.1", "", { "os": "darwin", "cpu": "x64" }, "sha512-SgiY7DcvhcyCCdrFRcgq5zPK1jdp7hxhnvo8YEEGvBsvyI+Y/q6phoR79nqMnz5W7a2HTPuaxLjCf7tR17cw4w=="],

    "@typescript/native-preview-linux-arm": ["@typescript/native-preview-linux-arm@7.0.0-dev.20260112.1", "", { "os": "linux", "cpu": "arm" }, "sha512-7mtAOEKaNOqKFIIVUsFK2IYB09bd/i8oIkzPi1EcEN3V7dzuKtSieNak30pY+k6z/f6QpUheHXVFM4wXBGbGrQ=="],

    "@typescript/native-preview-linux-arm64": ["@typescript/native-preview-linux-arm64@7.0.0-dev.20260112.1", "", { "os": "linux", "cpu": "arm64" }, "sha512-N9Ukn5NUjO063F3YICBl/dSLEpJayTIMTAJbvbuLjEdlHmp9xn7ty3MCkE4FqP6x/CWLDiZttnu9jYppJ//Q5g=="],

    "@typescript/native-preview-linux-x64": ["@typescript/native-preview-linux-x64@7.0.0-dev.20260112.1", "", { "os": "linux", "cpu": "x64" }, "sha512-K4/6TRu2MAwObOxZyUmUvAxi1B5fpwi/8OYb8xyf9VsLbkDCsBMbZxgwEMf9RBYhW74I187IIGEfw/g0oHDKEA=="],

    "@typescript/native-preview-win32-arm64": ["@typescript/native-preview-win32-arm64@7.0.0-dev.20260112.1", "", { "os": "win32", "cpu": "arm64" }, "sha512-ivjcYuqlCD91x6QOO+/xpjGUiWBLzBCgz0aAITkEfDTBHEwf3keTEQH2GsaVnMC8GKUFdoEF6QtSR+jZ75BhWA=="],

    "@typescript/native-preview-win32-x64": ["@typescript/native-preview-win32-x64@7.0.0-dev.20260112.1", "", { "os": "win32", "cpu": "x64" }, "sha512-gZ+72BdVDA4VUFKw9ZvEkEger/2SrXw62gstz25TriOHROvjxEgXLVHqiVKhE/XkWqYT0GJ7aM7WKoM/RG2XTw=="],

    "@vercel/oidc": ["@vercel/oidc@3.1.0", "", {}, "sha512-Fw28YZpRnA3cAHHDlkt7xQHiJ0fcL+NRcIqsocZQUSmbzeIKRpwttJjik5ZGanXP+vlA4SbTg+AbA3bP363l+w=="],

    "ai": ["ai@6.0.27", "", { "dependencies": { "@ai-sdk/gateway": "3.0.11", "@ai-sdk/provider": "3.0.2", "@ai-sdk/provider-utils": "4.0.4", "@opentelemetry/api": "1.9.0" }, "peerDependencies": { "zod": "^3.25.76 || ^4.1.8" } }, "sha512-a4ToMt5+4xOzHuYdoTy2GQXuNa2/Tpuhxfs5QESHtEV/Vf2HAzSwmTwikrIs8CDKPuMWV1I9YqAvaN5xexMCiQ=="],

    "ansi-escapes": ["ansi-escapes@7.2.0", "", { "dependencies": { "environment": "^1.0.0" } }, "sha512-g6LhBsl+GBPRWGWsBtutpzBYuIIdBkLEvad5C/va/74Db018+5TZiyA26cZJAr3Rft5lprVqOIPxf5Vid6tqAw=="],

    "ansi-regex": ["ansi-regex@6.2.2", "", {}, "sha512-Bq3SmSpyFHaWjPk8If9yc6svM8c56dB5BAtW4Qbw5jHTwwXXcTLoRMkpDJp6VL0XzlWaCHTXrkFURMYmD0sLqg=="],

    "ansi-styles": ["ansi-styles@6.2.3", "", {}, "sha512-4Dj6M28JB+oAH8kFkTLUo+a2jwOFkuqb3yucU0CANcRRUbxS0cP0nZYCGjcc3BNXwRIsUVmDGgzawme7zvJHvg=="],

    "auto-bind": ["auto-bind@5.0.1", "", {}, "sha512-ooviqdwwgfIfNmDwo94wlshcdzfO64XV0Cg6oDsDYBJfITDz1EngD2z7DkbvCWn+XIMsIqW27sEVF6qcpJrRcg=="],

    "bun-types": ["bun-types@1.3.6", "", { "dependencies": { "@types/node": "*" } }, "sha512-OlFwHcnNV99r//9v5IIOgQ9Uk37gZqrNMCcqEaExdkVq3Avwqok1bJFmvGMCkCE0FqzdY8VMOZpfpR3lwI+CsQ=="],

    "cfonts": ["cfonts@3.3.1", "", { "dependencies": { "supports-color": "^8", "window-size": "^1" }, "bin": { "cfonts": "bin/index.js" } }, "sha512-ZGEmN3W9mViWEDjsuPo4nK4h39sfh6YtoneFYp9WLPI/rw8BaSSrfQC6jkrGW3JMvV3ZnExJB/AEqXc/nHYxkw=="],

    "chalk": ["chalk@5.6.2", "", {}, "sha512-7NzBL0rN6fMUW+f7A6Io4h40qQlG+xGmtMxfbnH/K7TAtt8JQWVQK+6g0UXKMeVJoyV5EkkNsErQ8pVD3bLHbA=="],

    "cli-boxes": ["cli-boxes@3.0.0", "", {}, "sha512-/lzGpEWL/8PfI0BmBOPRwp0c/wFNX1RdUML3jK/RcSBA9T8mZDdQpqYBKtCFTOfQbwPqWEOpjqW+Fnayc0969g=="],

    "cli-cursor": ["cli-cursor@4.0.0", "", { "dependencies": { "restore-cursor": "^4.0.0" } }, "sha512-VGtlMu3x/4DOtIUwEkRezxUZ2lBacNJCHash0N0WeZDBS+7Ux1dm3XWAgWYxLJFMMdOeXMHXorshEFhbMSGelg=="],

    "cli-spinners": ["cli-spinners@2.9.2", "", {}, "sha512-ywqV+5MmyL4E7ybXgKys4DugZbX0FC6LnwrhjuykIjnK9k8OQacQ7axGKnjDXWNhns0xot3bZI5h55H8yo9cJg=="],

    "cli-truncate": ["cli-truncate@5.1.1", "", { "dependencies": { "slice-ansi": "^7.1.0", "string-width": "^8.0.0" } }, "sha512-SroPvNHxUnk+vIW/dOSfNqdy1sPEFkrTk6TUtqLCnBlo3N7TNYYkzzN7uSD6+jVjrdO4+p8nH7JzH6cIvUem6A=="],

    "code-excerpt": ["code-excerpt@4.0.0", "", { "dependencies": { "convert-to-spaces": "^2.0.1" } }, "sha512-xxodCmBen3iy2i0WtAK8FlFNrRzjUqjRsMfho58xT/wvZU1YTM3fCnRjcy1gJPMepaRlgm/0e6w8SpWHpn3/cA=="],

    "convert-to-spaces": ["convert-to-spaces@2.0.1", "", {}, "sha512-rcQ1bsQO9799wq24uE5AM2tAILy4gXGIK/njFWcVQkGNZ96edlpY+A7bjwvzjYvLDyzmG1MmMLZhpcsb+klNMQ=="],

    "csstype": ["csstype@3.2.3", "", {}, "sha512-z1HGKcYy2xA8AGQfwrn0PAy+PB7X/GSj3UVJW9qKyn43xWa+gl5nXmU4qqLMRzWVLFC8KusUX8T/0kCiOYpAIQ=="],

    "define-property": ["define-property@1.0.0", "", { "dependencies": { "is-descriptor": "^1.0.0" } }, "sha512-cZTYKFWspt9jZsMscWo8sc/5lbPC9Q0N5nBLgb+Yd915iL3udB1uFgS3B8YCx66UVHq018DAVFoee7x+gxggeA=="],

    "emoji-regex": ["emoji-regex@10.6.0", "", {}, "sha512-toUI84YS5YmxW219erniWD0CIVOo46xGKColeNQRgOzDorgBi1v4D71/OFzgD9GO2UGKIv1C3Sp8DAn0+j5w7A=="],

    "environment": ["environment@1.1.0", "", {}, "sha512-xUtoPkMggbz0MPyPiIWr1Kp4aeWJjDZ6SMvURhimjdZgsRuDplF5/s9hcgGhyXMhs+6vpnuoiZ2kFiu3FMnS8Q=="],

    "es-toolkit": ["es-toolkit@1.43.0", "", {}, "sha512-SKCT8AsWvYzBBuUqMk4NPwFlSdqLpJwmy6AP322ERn8W2YLIB6JBXnwMI2Qsh2gfphT3q7EKAxKb23cvFHFwKA=="],

    "escape-string-regexp": ["escape-string-regexp@2.0.0", "", {}, "sha512-UpzcLCXolUWcNu5HtVMHYdXJjArjsF9C0aNnquZYY4uW/Vu0miy5YoWvbV345HauVvcAUnpRuhMMcqTcGOY2+w=="],

    "eventsource-parser": ["eventsource-parser@3.0.6", "", {}, "sha512-Vo1ab+QXPzZ4tCa8SwIHJFaSzy4R6SHf7BY79rFBDf0idraZWAkYrDjDj8uWaSm3S2TK+hJ7/t1CEmZ7jXw+pg=="],

    "find-up": ["find-up@8.0.0", "", { "dependencies": { "locate-path": "^8.0.0", "unicorn-magic": "^0.3.0" } }, "sha512-JGG8pvDi2C+JxidYdIwQDyS/CgcrIdh18cvgxcBge3wSHRQOrooMD3GlFBcmMJAN9M42SAZjDp5zv1dglJjwww=="],

    "function-bind": ["function-bind@1.1.2", "", {}, "sha512-7XHNxH7qX9xG5mIwxkhumTox/MIRNcOgDrxWsMt2pAr23WHp6MrRlN7FBSFpCpr+oVO0F744iUgR82nJMfG2SA=="],

    "get-east-asian-width": ["get-east-asian-width@1.4.0", "", {}, "sha512-QZjmEOC+IT1uk6Rx0sX22V6uHWVwbdbxf1faPqJ1QhLdGgsRGCZoyaQBm/piRdJy/D2um6hM1UP7ZEeQ4EkP+Q=="],

    "has-flag": ["has-flag@4.0.0", "", {}, "sha512-EykJT/Q1KjTWctppgIAgfSO0tKVuZUjhgMr17kqTumMl6Afv3EISleU7qZUzoXDFTAHTDC4NOoG/ZxU3EvlMPQ=="],

    "hasown": ["hasown@2.0.2", "", { "dependencies": { "function-bind": "^1.1.2" } }, "sha512-0hJU9SCPvmMzIBdZFqNPXWa6dqh7WdH0cII9y+CyS8rG3nL48Bclra9HmKhVVUHyPWNH5Y7xDwAB7bfgSjkUMQ=="],

    "indent-string": ["indent-string@5.0.0", "", {}, "sha512-m6FAo/spmsW2Ab2fU35JTYwtOKa2yAwXSwgjSv1TJzh4Mh7mC3lzAOVLBprb72XsTrgkEIsl7YrFNAiDiRhIGg=="],

    "ink": ["ink@6.6.0", "", { "dependencies": { "@alcalzone/ansi-tokenize": "^0.2.1", "ansi-escapes": "^7.2.0", "ansi-styles": "^6.2.1", "auto-bind": "^5.0.1", "chalk": "^5.6.0", "cli-boxes": "^3.0.0", "cli-cursor": "^4.0.0", "cli-truncate": "^5.1.1", "code-excerpt": "^4.0.0", "es-toolkit": "^1.39.10", "indent-string": "^5.0.0", "is-in-ci": "^2.0.0", "patch-console": "^2.0.0", "react-reconciler": "^0.33.0", "signal-exit": "^3.0.7", "slice-ansi": "^7.1.0", "stack-utils": "^2.0.6", "string-width": "^8.1.0", "type-fest": "^4.27.0", "widest-line": "^5.0.0", "wrap-ansi": "^9.0.0", "ws": "^8.18.0", "yoga-layout": "~3.2.1" }, "peerDependencies": { "@types/react": ">=19.0.0", "react": ">=19.0.0", "react-devtools-core": "^6.1.2" }, "optionalPeers": ["@types/react", "react-devtools-core"] }, "sha512-QDt6FgJxgmSxAelcOvOHUvFxbIUjVpCH5bx+Slvc5m7IEcpGt3dYwbz/L+oRnqEGeRvwy1tineKK4ect3nW1vQ=="],

    "ink-big-text": ["ink-big-text@2.0.0", "", { "dependencies": { "cfonts": "^3.1.1", "prop-types": "^15.8.1" }, "peerDependencies": { "ink": ">=4", "react": ">=18" } }, "sha512-Juzqv+rIOLGuhMJiE50VtS6dg6olWfzFdL7wsU/EARSL5Eaa5JNXMogMBm9AkjgzO2Y3UwWCOh87jbhSn8aNdw=="],

    "ink-spinner": ["ink-spinner@5.0.0", "", { "dependencies": { "cli-spinners": "^2.7.0" }, "peerDependencies": { "ink": ">=4.0.0", "react": ">=18.0.0" } }, "sha512-EYEasbEjkqLGyPOUc8hBJZNuC5GvXGMLu0w5gdTNskPc7Izc5vO3tdQEYnzvshucyGCBXc86ig0ujXPMWaQCdA=="],

    "ink-text-input": ["ink-text-input@6.0.0", "", { "dependencies": { "chalk": "^5.3.0", "type-fest": "^4.18.2" }, "peerDependencies": { "ink": ">=5", "react": ">=18" } }, "sha512-Fw64n7Yha5deb1rHY137zHTAbSTNelUKuB5Kkk2HACXEtwIHBCf9OH2tP/LQ9fRYTl1F0dZgbW0zPnZk6FA9Lw=="],

    "is-accessor-descriptor": ["is-accessor-descriptor@1.0.1", "", { "dependencies": { "hasown": "^2.0.0" } }, "sha512-YBUanLI8Yoihw923YeFUS5fs0fF2f5TSFTNiYAAzhhDscDa3lEqYuz1pDOEP5KvX94I9ey3vsqjJcLVFVU+3QA=="],

    "is-buffer": ["is-buffer@1.1.6", "", {}, "sha512-NcdALwpXkTm5Zvvbk7owOUSvVvBKDgKP5/ewfXEznmQFfs4ZRmanOeKBTjRVjka3QFoN6XJ+9F3USqfHqTaU5w=="],

    "is-data-descriptor": ["is-data-descriptor@1.0.1", "", { "dependencies": { "hasown": "^2.0.0" } }, "sha512-bc4NlCDiCr28U4aEsQ3Qs2491gVq4V8G7MQyws968ImqjKuYtTJXrl7Vq7jsN7Ly/C3xj5KWFrY7sHNeDkAzXw=="],

    "is-descriptor": ["is-descriptor@1.0.3", "", { "dependencies": { "is-accessor-descriptor": "^1.0.1", "is-data-descriptor": "^1.0.1" } }, "sha512-JCNNGbwWZEVaSPtS45mdtrneRWJFp07LLmykxeFV5F6oBvNF8vHSfJuJgoT472pSfk+Mf8VnlrspaFBHWM8JAw=="],

    "is-fullwidth-code-point": ["is-fullwidth-code-point@5.1.0", "", { "dependencies": { "get-east-asian-width": "^1.3.1" } }, "sha512-5XHYaSyiqADb4RnZ1Bdad6cPp8Toise4TzEjcOYDHZkTCbKgiUl7WTUCpNWHuxmDt91wnsZBc9xinNzopv3JMQ=="],

    "is-in-ci": ["is-in-ci@2.0.0", "", { "bin": { "is-in-ci": "cli.js" } }, "sha512-cFeerHriAnhrQSbpAxL37W1wcJKUUX07HyLWZCW1URJT/ra3GyUTzBgUnh24TMVfNTV2Hij2HLxkPHFZfOZy5w=="],

    "is-number": ["is-number@3.0.0", "", { "dependencies": { "kind-of": "^3.0.2" } }, "sha512-4cboCqIpliH+mAvFNegjZQ4kgKc3ZUhQVr3HvWbSh5q3WH2v82ct+T2Y1hdU5Gdtorx/cLifQjqCbL7bpznLTg=="],

    "js-tokens": ["js-tokens@4.0.0", "", {}, "sha512-RdJUflcE3cUzKiMqQgsCu06FPu9UdIJO0beYbPhHN4k6apgJtifcoCtT9bcxOpYBtpD2kCM6Sbzg4CausW/PKQ=="],

    "json-schema": ["json-schema@0.4.0", "", {}, "sha512-es94M3nTIfsEPisRafak+HDLfHXnKBhV3vU5eqPcS3flIWqcxJWgXHXiey3YrpaNsanY5ei1VoYEbOzijuq9BA=="],

    "kind-of": ["kind-of@3.2.2", "", { "dependencies": { "is-buffer": "^1.1.5" } }, "sha512-NOW9QQXMoZGg/oqnVNoNTTIFEIid1627WCffUBJEdMxYApq7mNE7CpzucIPc+ZQg25Phej7IJSmX3hO+oblOtQ=="],

    "lefthook": ["lefthook@2.0.15", "", { "optionalDependencies": { "lefthook-darwin-arm64": "2.0.15", "lefthook-darwin-x64": "2.0.15", "lefthook-freebsd-arm64": "2.0.15", "lefthook-freebsd-x64": "2.0.15", "lefthook-linux-arm64": "2.0.15", "lefthook-linux-x64": "2.0.15", "lefthook-openbsd-arm64": "2.0.15", "lefthook-openbsd-x64": "2.0.15", "lefthook-windows-arm64": "2.0.15", "lefthook-windows-x64": "2.0.15" }, "bin": { "lefthook": "bin/index.js" } }, "sha512-sl5rePO6UUOLKp6Ci+MMKOc86zicBaPUCvSw2Cq4gCAgTmxpxhIjhz7LOu2ObYerVRPpTq3gvzPTjI71UotjnA=="],

    "lefthook-darwin-arm64": ["lefthook-darwin-arm64@2.0.15", "", { "os": "darwin", "cpu": "arm64" }, "sha512-ygAqG/NzOgY9bEiqeQtiOmCRTtp9AmOd3eyrpEaSrRB9V9f3RHRgWDrWbde9BiHSsCzcbeY9/X2NuKZ69eUsNA=="],

    "lefthook-darwin-x64": ["lefthook-darwin-x64@2.0.15", "", { "os": "darwin", "cpu": "x64" }, "sha512-3wA30CzdSL5MFKD6dk7v8BMq7ScWQivpLbmIn3Pv67AaBavN57N/hcdGqOFnDDFI5WazVwDY7UqDfMIk5HZjEA=="],

    "lefthook-freebsd-arm64": ["lefthook-freebsd-arm64@2.0.15", "", { "os": "freebsd", "cpu": "arm64" }, "sha512-FbYBBLVbX8BjdO+icN1t/pC3TOW3FAvTKv/zggBKNihv6jHNn/3s/0j2xIS0k0Pw9oOE7MVmEni3qp2j5vqHrQ=="],

    "lefthook-freebsd-x64": ["lefthook-freebsd-x64@2.0.15", "", { "os": "freebsd", "cpu": "x64" }, "sha512-udHMjh1E8TfC0Z7Y249XZMATJOyj1Jxlj9JoEinkoBvAsePFKDEQg5teuXuTGhjsHYpqVekfSvLNNfHKUUbbjw=="],

    "lefthook-linux-arm64": ["lefthook-linux-arm64@2.0.15", "", { "os": "linux", "cpu": "arm64" }, "sha512-1HAPmdYhfcOlubv63sTnWtW2rFuC+kT1MvC3JvdrS5V6zrOImbBSnYZMJX/Dd3w4pm0x2ZJb9T+uef8a0jUQkg=="],

    "lefthook-linux-x64": ["lefthook-linux-x64@2.0.15", "", { "os": "linux", "cpu": "x64" }, "sha512-Pho87mlNFH47zc4fPKzQSp8q9sWfIFW/KMMZfx/HZNmX25aUUTOqMyRwaXxtdAo/hNJ9FX4JeuZWq9Y3iyM5VA=="],

    "lefthook-openbsd-arm64": ["lefthook-openbsd-arm64@2.0.15", "", { "os": "openbsd", "cpu": "arm64" }, "sha512-pet03Edlj1QeFUgxcIK1xu8CeZA+ejYplvPgdfe//69+vQFGSDaEx3H2mVx8RqzWfmMbijM2/WfkZXR2EVw3bw=="],

    "lefthook-openbsd-x64": ["lefthook-openbsd-x64@2.0.15", "", { "os": "openbsd", "cpu": "x64" }, "sha512-i+a364CcSAeIO5wQzLMHsthHt/v6n3XwhKmRq/VBzPOUv9KutNeF55yCE/6lvuvzwxpdEfBjh6cXPERC0yp98w=="],

    "lefthook-windows-arm64": ["lefthook-windows-arm64@2.0.15", "", { "os": "win32", "cpu": "arm64" }, "sha512-69u5GdVOT4QIxc2TK5ce0cTXLzwB55Pk9ZnnJNFf1XsyZTGcg9bUWYYTyD12CIIXbVTa0RVXIIrbU9UgP8O1AQ=="],

    "lefthook-windows-x64": ["lefthook-windows-x64@2.0.15", "", { "os": "win32", "cpu": "x64" }, "sha512-/zYEndCUgj8XK+4wvLYLRk3AcfKU6zWf2GHx+tcZ4K2bLaQdej4m+OqmQsVpUlF8N2tN9hfwlj1D50uz75LUuQ=="],

    "locate-path": ["locate-path@8.0.0", "", { "dependencies": { "p-locate": "^6.0.0" } }, "sha512-XT9ewWAC43tiAV7xDAPflMkG0qOPn2QjHqlgX8FOqmWa/rxnyYDulF9T0F7tRy1u+TVTmK/M//6VIOye+2zDXg=="],

    "loose-envify": ["loose-envify@1.4.0", "", { "dependencies": { "js-tokens": "^3.0.0 || ^4.0.0" }, "bin": { "loose-envify": "cli.js" } }, "sha512-lyuxPGr/Wfhrlem2CL/UcnUc1zcqKAImBDzukY7Y5F/yQiNdko6+fRLevlw1HgMySw7f611UIY408EtxRSoK3Q=="],

    "mimic-fn": ["mimic-fn@2.1.0", "", {}, "sha512-OqbOk5oEQeAZ8WXWydlu9HJjz9WVdEIvamMCcXmuqUYjTknH/sqsWvhQ3vgwKFRR1HpjvNBKQ37nbJgYzGqGcg=="],

    "object-assign": ["object-assign@4.1.1", "", {}, "sha512-rJgTQnkUnH1sFw8yT6VSU3zD3sWmu6sZhIseY8VX+GRu3P6F7Fu+JNDoXfklElbLJSnc3FUQHVe4cU5hj+BcUg=="],

    "ollama-ai-provider-v2": ["ollama-ai-provider-v2@2.0.0", "", { "dependencies": { "@ai-sdk/provider": "^3.0.0", "@ai-sdk/provider-utils": "^4.0.1" }, "peerDependencies": { "ai": "^5.0.0 || ^6.0.0", "zod": "^4.0.16" } }, "sha512-vbLG/xsW0kgGlInrTIa3W8niy294dw7n8nkLFVwjPHlX9EjtBH4bNPgHQEbmQUy60LjV3NF3Y1HtWPxORSb3bQ=="],

    "onetime": ["onetime@5.1.2", "", { "dependencies": { "mimic-fn": "^2.1.0" } }, "sha512-kbpaSSGJTWdAY5KPVeMOKXSrPtr8C8C7wodJbcsd51jRnmD+GZu8Y0VoU6Dm5Z4vWr0Ig/1NKuWRKf7j5aaYSg=="],

    "oxfmt": ["oxfmt@0.23.0", "", { "dependencies": { "tinypool": "2.0.0" }, "optionalDependencies": { "@oxfmt/darwin-arm64": "0.23.0", "@oxfmt/darwin-x64": "0.23.0", "@oxfmt/linux-arm64-gnu": "0.23.0", "@oxfmt/linux-arm64-musl": "0.23.0", "@oxfmt/linux-x64-gnu": "0.23.0", "@oxfmt/linux-x64-musl": "0.23.0", "@oxfmt/win32-arm64": "0.23.0", "@oxfmt/win32-x64": "0.23.0" }, "bin": { "oxfmt": "bin/oxfmt" } }, "sha512-dh4rlNBua93aVf2ZaDecbQxVLMnUUTvDi1K1fdvBdontQeEf6K22Z1KQg5QKl2D9aNFeFph+wOVwcjjYUIO6Mw=="],

    "oxlint": ["oxlint@1.39.0", "", { "optionalDependencies": { "@oxlint/darwin-arm64": "1.39.0", "@oxlint/darwin-x64": "1.39.0", "@oxlint/linux-arm64-gnu": "1.39.0", "@oxlint/linux-arm64-musl": "1.39.0", "@oxlint/linux-x64-gnu": "1.39.0", "@oxlint/linux-x64-musl": "1.39.0", "@oxlint/win32-arm64": "1.39.0", "@oxlint/win32-x64": "1.39.0" }, "peerDependencies": { "oxlint-tsgolint": ">=0.10.0" }, "optionalPeers": ["oxlint-tsgolint"], "bin": { "oxlint": "bin/oxlint" } }, "sha512-wSiLr0wjG+KTU6c1LpVoQk7JZ7l8HCKlAkVDVTJKWmCGazsNxexxnOXl7dsar92mQcRnzko5g077ggP3RINSjA=="],

    "p-limit": ["p-limit@4.0.0", "", { "dependencies": { "yocto-queue": "^1.0.0" } }, "sha512-5b0R4txpzjPWVw/cXXUResoD4hb6U/x9BH08L7nw+GN1sezDzPdxeRvpc9c433fZhBan/wusjbCsqwqm4EIBIQ=="],

    "p-locate": ["p-locate@6.0.0", "", { "dependencies": { "p-limit": "^4.0.0" } }, "sha512-wPrq66Llhl7/4AGC6I+cqxT07LhXvWL08LNXz1fENOw0Ap4sRZZ/gZpTTJ5jpurzzzfS2W/Ge9BY3LgLjCShcw=="],

    "patch-console": ["patch-console@2.0.0", "", {}, "sha512-0YNdUceMdaQwoKce1gatDScmMo5pu/tfABfnzEqeG0gtTmd7mh/WcwgUjtAeOU7N8nFFlbQBnFK2gXW5fGvmMA=="],

    "prop-types": ["prop-types@15.8.1", "", { "dependencies": { "loose-envify": "^1.4.0", "object-assign": "^4.1.1", "react-is": "^16.13.1" } }, "sha512-oj87CgZICdulUohogVAR7AjlC0327U4el4L6eAvOqCeudMDVU0NThNaV+b9Df4dXgSP1gXMTnPdhfe/2qDH5cg=="],

    "react": ["react@19.2.3", "", {}, "sha512-Ku/hhYbVjOQnXDZFv2+RibmLFGwFdeeKHFcOTlrt7xplBnya5OGn/hIRDsqDiSUcfORsDC7MPxwork8jBwsIWA=="],

    "react-devtools-core": ["react-devtools-core@7.0.1", "", { "dependencies": { "shell-quote": "^1.6.1", "ws": "^7" } }, "sha512-C3yNvRHaizlpiASzy7b9vbnBGLrhvdhl1CbdU6EnZgxPNbai60szdLtl+VL76UNOt5bOoVTOz5rNWZxgGt+Gsw=="],

    "react-is": ["react-is@16.13.1", "", {}, "sha512-24e6ynE2H+OKt4kqsOvNd8kBpV65zoxbA4BVsEOB3ARVWQki/DHzaUoC5KuON/BiccDaCCTZBuOcfZs70kR8bQ=="],

    "react-reconciler": ["react-reconciler@0.33.0", "", { "dependencies": { "scheduler": "^0.27.0" }, "peerDependencies": { "react": "^19.2.0" } }, "sha512-KetWRytFv1epdpJc3J4G75I4WrplZE5jOL7Yq0p34+OVOKF4Se7WrdIdVC45XsSSmUTlht2FM/fM1FZb1mfQeA=="],

    "restore-cursor": ["restore-cursor@4.0.0", "", { "dependencies": { "onetime": "^5.1.0", "signal-exit": "^3.0.2" } }, "sha512-I9fPXU9geO9bHOt9pHHOhOkYerIMsmVaWB0rA2AI9ERh/+x/i7MV5HKBNrg+ljO5eoPVgCcnFuRjJ9uH6I/3eg=="],

    "scheduler": ["scheduler@0.27.0", "", {}, "sha512-eNv+WrVbKu1f3vbYJT/xtiF5syA5HPIMtf9IgY/nKg0sWqzAUEvqY/xm7OcZc/qafLx/iO9FgOmeSAp4v5ti/Q=="],

    "shell-quote": ["shell-quote@1.8.3", "", {}, "sha512-ObmnIF4hXNg1BqhnHmgbDETF8dLPCggZWBjkQfhZpbszZnYur5DUljTcCHii5LC3J5E0yeO/1LIMyH+UvHQgyw=="],

    "signal-exit": ["signal-exit@3.0.7", "", {}, "sha512-wnD2ZE+l+SPC/uoS0vXeE9L1+0wuaMqKlfz9AMUo38JsyLSBWSFcHR1Rri62LZc12vLr1gb3jl7iwQhgwpAbGQ=="],

    "slice-ansi": ["slice-ansi@7.1.2", "", { "dependencies": { "ansi-styles": "^6.2.1", "is-fullwidth-code-point": "^5.0.0" } }, "sha512-iOBWFgUX7caIZiuutICxVgX1SdxwAVFFKwt1EvMYYec/NWO5meOJ6K5uQxhrYBdQJne4KxiqZc+KptFOWFSI9w=="],

    "stack-utils": ["stack-utils@2.0.6", "", { "dependencies": { "escape-string-regexp": "^2.0.0" } }, "sha512-XlkWvfIm6RmsWtNJx+uqtKLS8eqFbxUg0ZzLXqY0caEy9l7hruX8IpiDnjsLavoBgqCCR71TqWO8MaXYheJ3RQ=="],

    "string-width": ["string-width@8.1.0", "", { "dependencies": { "get-east-asian-width": "^1.3.0", "strip-ansi": "^7.1.0" } }, "sha512-Kxl3KJGb/gxkaUMOjRsQ8IrXiGW75O4E3RPjFIINOVH8AMl2SQ/yWdTzWwF3FevIX9LcMAjJW+GRwAlAbTSXdg=="],

    "strip-ansi": ["strip-ansi@7.1.2", "", { "dependencies": { "ansi-regex": "^6.0.1" } }, "sha512-gmBGslpoQJtgnMAvOVqGZpEz9dyoKTCzy2nfz/n8aIFhN/jCE/rCmcxabB6jOOHV+0WNnylOxaxBQPSvcWklhA=="],

    "supports-color": ["supports-color@8.1.1", "", { "dependencies": { "has-flag": "^4.0.0" } }, "sha512-MpUEN2OodtUzxvKQl72cUF7RQ5EiHsGvSsVG0ia9c5RbWGL2CI4C7EpPS8UTBIplnlzZiNuV56w+FuNxy3ty2Q=="],

    "tinypool": ["tinypool@2.0.0", "", {}, "sha512-/RX9RzeH2xU5ADE7n2Ykvmi9ED3FBGPAjw9u3zucrNNaEBIO0HPSYgL0NT7+3p147ojeSdaVu08F6hjpv31HJg=="],

    "turbo": ["turbo@2.7.4", "", { "optionalDependencies": { "turbo-darwin-64": "2.7.4", "turbo-darwin-arm64": "2.7.4", "turbo-linux-64": "2.7.4", "turbo-linux-arm64": "2.7.4", "turbo-windows-64": "2.7.4", "turbo-windows-arm64": "2.7.4" }, "bin": { "turbo": "bin/turbo" } }, "sha512-bkO4AddmDishzJB2ze7aYYPaejMoJVfS0XnaR6RCdXFOY8JGJfQE+l9fKiV7uDPa5Ut44gmOWJL3894CIMeH9g=="],

    "turbo-darwin-64": ["turbo-darwin-64@2.7.4", "", { "os": "darwin", "cpu": "x64" }, "sha512-xDR30ltfkSsRfGzABBckvl1nz1cZ3ssTujvdj+TPwOweeDRvZ0e06t5DS0rmRBvyKpgGs42K/EK6Mn2qLlFY9A=="],

    "turbo-darwin-arm64": ["turbo-darwin-arm64@2.7.4", "", { "os": "darwin", "cpu": "arm64" }, "sha512-P7sjqXtOL/+nYWPvcDGWhi8wf8M8mZHHB8XEzw2VX7VJrS8IGHyJHGD1AYfDvhAEcr7pnk3gGifz3/xyhI655w=="],

    "turbo-linux-64": ["turbo-linux-64@2.7.4", "", { "os": "linux", "cpu": "x64" }, "sha512-GofFOxRO/IhG8BcPyMSSB3Y2+oKQotsaYbHxL9yD6JPb20/o35eo+zUSyazOtilAwDHnak5dorAJFoFU8MIg2A=="],

    "turbo-linux-arm64": ["turbo-linux-arm64@2.7.4", "", { "os": "linux", "cpu": "arm64" }, "sha512-+RQKgNjksVPxYAyAgmDV7w/1qj++qca+nSNTAOKGOfJiDtSvRKoci89oftJ6anGs00uamLKVEQ712TI/tfNAIw=="],

    "turbo-windows-64": ["turbo-windows-64@2.7.4", "", { "os": "win32", "cpu": "x64" }, "sha512-rfak1+g+ON3czs1mDYsCS4X74ZmK6gOgRQTXjDICtzvR4o61paqtgAYtNPofcVsMWeF4wvCajSeoAkkeAnQ1kg=="],

    "turbo-windows-arm64": ["turbo-windows-arm64@2.7.4", "", { "os": "win32", "cpu": "arm64" }, "sha512-1ZgBNjNRbDu/fPeqXuX9i26x3CJ/Y1gcwUpQ+Vp7kN9Un6RZ9kzs164f/knrjcu5E+szCRexVjRSJay1k5jApA=="],

    "type-fest": ["type-fest@4.41.0", "", {}, "sha512-TeTSQ6H5YHvpqVwBRcnLDCBnDOHWYu7IvGbHT6N8AOymcr9PJGjc1GTtiWZTYg0NCgYwvnYWEkVChQAr9bjfwA=="],

    "typescript": ["typescript@5.9.3", "", { "bin": { "tsc": "bin/tsc", "tsserver": "bin/tsserver" } }, "sha512-jl1vZzPDinLr9eUt3J/t7V6FgNEw9QjvBPdysz9KfQDD41fQrC2Y4vKQdiaUpFT4bXlb1RHhLpp8wtm6M5TgSw=="],

    "undici-types": ["undici-types@7.16.0", "", {}, "sha512-Zz+aZWSj8LE6zoxD+xrjh4VfkIG8Ya6LvYkZqtUQGJPZjYl53ypCaUwWqo7eI0x66KBGeRo+mlBEkMSeSZ38Nw=="],

    "unicorn-magic": ["unicorn-magic@0.3.0", "", {}, "sha512-+QBBXBCvifc56fsbuxZQ6Sic3wqqc3WWaqxs58gvJrcOuN83HGTCwz3oS5phzU9LthRNE9VrJCFCLUgHeeFnfA=="],

    "widest-line": ["widest-line@5.0.0", "", { "dependencies": { "string-width": "^7.0.0" } }, "sha512-c9bZp7b5YtRj2wOe6dlj32MK+Bx/M/d+9VB2SHM1OtsUHR0aV0tdP6DWh/iMt0kWi1t5g1Iudu6hQRNd1A4PVA=="],

    "window-size": ["window-size@1.1.1", "", { "dependencies": { "define-property": "^1.0.0", "is-number": "^3.0.0" }, "bin": { "window-size": "cli.js" } }, "sha512-5D/9vujkmVQ7pSmc0SCBmHXbkv6eaHwXEx65MywhmUMsI8sGqJ972APq1lotfcwMKPFLuCFfL8xGHLIp7jaBmA=="],

    "wrap-ansi": ["wrap-ansi@9.0.2", "", { "dependencies": { "ansi-styles": "^6.2.1", "string-width": "^7.0.0", "strip-ansi": "^7.1.0" } }, "sha512-42AtmgqjV+X1VpdOfyTGOYRi0/zsoLqtXQckTmqTeybT+BDIbM/Guxo7x3pE2vtpr1ok6xRqM9OpBe+Jyoqyww=="],

    "ws": ["ws@8.19.0", "", { "peerDependencies": { "bufferutil": "^4.0.1", "utf-8-validate": ">=5.0.2" }, "optionalPeers": ["bufferutil", "utf-8-validate"] }, "sha512-blAT2mjOEIi0ZzruJfIhb3nps74PRWTCz1IjglWEEpQl5XS/UNama6u2/rjFkDDouqr4L67ry+1aGIALViWjDg=="],

    "yocto-queue": ["yocto-queue@1.2.2", "", {}, "sha512-4LCcse/U2MHZ63HAJVE+v71o7yOdIe4cZ70Wpf8D/IyjDKYQLV5GD46B+hSTjJsvV5PztjvHoU580EftxjDZFQ=="],

    "yoga-layout": ["yoga-layout@3.2.1", "", {}, "sha512-0LPOt3AxKqMdFBZA3HBAt/t/8vIKq7VaQYbuA8WxCgung+p9TVyKRYdpvCb80HcdTN2NkbIKbhNwKUfm3tQywQ=="],

    "zod": ["zod@4.3.5", "", {}, "sha512-k7Nwx6vuWx1IJ9Bjuf4Zt1PEllcwe7cls3VNzm4CQ1/hgtFUK2bRNG3rvnpPUhFjmqJKAKtjV576KnUkHocg/g=="],

    "@ai-sdk/deepseek/@ai-sdk/provider": ["@ai-sdk/provider@3.0.3", "", { "dependencies": { "json-schema": "^0.4.0" } }, "sha512-qGPYdoAuECaUXPrrz0BPX1SacZQuJ6zky0aakxpW89QW1hrY0eF4gcFm/3L9Pk8C5Fwe+RvBf2z7ZjDhaPjnlg=="],

    "@ai-sdk/deepseek/@ai-sdk/provider-utils": ["@ai-sdk/provider-utils@4.0.6", "", { "dependencies": { "@ai-sdk/provider": "3.0.3", "@standard-schema/spec": "^1.1.0", "eventsource-parser": "^3.0.6" }, "peerDependencies": { "zod": "^3.25.76 || ^4.1.8" } }, "sha512-o/SP1GQOrpXAzHjMosPHI0Pu+YkwxIMndSjSLrEXtcVixdrjqrGaA9I7xJcWf+XpRFJ9byPHrKYnprwS+36gMg=="],

    "@ai-sdk/groq/@ai-sdk/provider": ["@ai-sdk/provider@3.0.3", "", { "dependencies": { "json-schema": "^0.4.0" } }, "sha512-qGPYdoAuECaUXPrrz0BPX1SacZQuJ6zky0aakxpW89QW1hrY0eF4gcFm/3L9Pk8C5Fwe+RvBf2z7ZjDhaPjnlg=="],

    "@ai-sdk/groq/@ai-sdk/provider-utils": ["@ai-sdk/provider-utils@4.0.6", "", { "dependencies": { "@ai-sdk/provider": "3.0.3", "@standard-schema/spec": "^1.1.0", "eventsource-parser": "^3.0.6" }, "peerDependencies": { "zod": "^3.25.76 || ^4.1.8" } }, "sha512-o/SP1GQOrpXAzHjMosPHI0Pu+YkwxIMndSjSLrEXtcVixdrjqrGaA9I7xJcWf+XpRFJ9byPHrKYnprwS+36gMg=="],

    "@ai-sdk/mistral/@ai-sdk/provider": ["@ai-sdk/provider@3.0.3", "", { "dependencies": { "json-schema": "^0.4.0" } }, "sha512-qGPYdoAuECaUXPrrz0BPX1SacZQuJ6zky0aakxpW89QW1hrY0eF4gcFm/3L9Pk8C5Fwe+RvBf2z7ZjDhaPjnlg=="],

    "@ai-sdk/mistral/@ai-sdk/provider-utils": ["@ai-sdk/provider-utils@4.0.6", "", { "dependencies": { "@ai-sdk/provider": "3.0.3", "@standard-schema/spec": "^1.1.0", "eventsource-parser": "^3.0.6" }, "peerDependencies": { "zod": "^3.25.76 || ^4.1.8" } }, "sha512-o/SP1GQOrpXAzHjMosPHI0Pu+YkwxIMndSjSLrEXtcVixdrjqrGaA9I7xJcWf+XpRFJ9byPHrKYnprwS+36gMg=="],

    "@ai-sdk/openai-compatible/@ai-sdk/provider": ["@ai-sdk/provider@3.0.3", "", { "dependencies": { "json-schema": "^0.4.0" } }, "sha512-qGPYdoAuECaUXPrrz0BPX1SacZQuJ6zky0aakxpW89QW1hrY0eF4gcFm/3L9Pk8C5Fwe+RvBf2z7ZjDhaPjnlg=="],

    "@ai-sdk/openai-compatible/@ai-sdk/provider-utils": ["@ai-sdk/provider-utils@4.0.6", "", { "dependencies": { "@ai-sdk/provider": "3.0.3", "@standard-schema/spec": "^1.1.0", "eventsource-parser": "^3.0.6" }, "peerDependencies": { "zod": "^3.25.76 || ^4.1.8" } }, "sha512-o/SP1GQOrpXAzHjMosPHI0Pu+YkwxIMndSjSLrEXtcVixdrjqrGaA9I7xJcWf+XpRFJ9byPHrKYnprwS+36gMg=="],

    "@ai-sdk/xai/@ai-sdk/provider": ["@ai-sdk/provider@3.0.3", "", { "dependencies": { "json-schema": "^0.4.0" } }, "sha512-qGPYdoAuECaUXPrrz0BPX1SacZQuJ6zky0aakxpW89QW1hrY0eF4gcFm/3L9Pk8C5Fwe+RvBf2z7ZjDhaPjnlg=="],

    "@ai-sdk/xai/@ai-sdk/provider-utils": ["@ai-sdk/provider-utils@4.0.6", "", { "dependencies": { "@ai-sdk/provider": "3.0.3", "@standard-schema/spec": "^1.1.0", "eventsource-parser": "^3.0.6" }, "peerDependencies": { "zod": "^3.25.76 || ^4.1.8" } }, "sha512-o/SP1GQOrpXAzHjMosPHI0Pu+YkwxIMndSjSLrEXtcVixdrjqrGaA9I7xJcWf+XpRFJ9byPHrKYnprwS+36gMg=="],

    "ollama-ai-provider-v2/@ai-sdk/provider": ["@ai-sdk/provider@3.0.3", "", { "dependencies": { "json-schema": "^0.4.0" } }, "sha512-qGPYdoAuECaUXPrrz0BPX1SacZQuJ6zky0aakxpW89QW1hrY0eF4gcFm/3L9Pk8C5Fwe+RvBf2z7ZjDhaPjnlg=="],

    "ollama-ai-provider-v2/@ai-sdk/provider-utils": ["@ai-sdk/provider-utils@4.0.6", "", { "dependencies": { "@ai-sdk/provider": "3.0.3", "@standard-schema/spec": "^1.1.0", "eventsource-parser": "^3.0.6" }, "peerDependencies": { "zod": "^3.25.76 || ^4.1.8" } }, "sha512-o/SP1GQOrpXAzHjMosPHI0Pu+YkwxIMndSjSLrEXtcVixdrjqrGaA9I7xJcWf+XpRFJ9byPHrKYnprwS+36gMg=="],

    "react-devtools-core/ws": ["ws@7.5.10", "", { "peerDependencies": { "bufferutil": "^4.0.1", "utf-8-validate": "^5.0.2" }, "optionalPeers": ["bufferutil", "utf-8-validate"] }, "sha512-+dbF1tHwZpXcbOJdVOkzLDxZP1ailvSxM6ZweXTegylPny803bFhA+vqBYw4s31NSAk4S2Qz+AKXK9a4wkdjcQ=="],

    "widest-line/string-width": ["string-width@7.2.0", "", { "dependencies": { "emoji-regex": "^10.3.0", "get-east-asian-width": "^1.0.0", "strip-ansi": "^7.1.0" } }, "sha512-tsaTIkKW9b4N+AEj+SVA+WhJzV7/zMhcSu78mLKWSk7cXMOSHsBKFWUs0fWwq8QyK3MgJBQRX6Gbi4kYbdvGkQ=="],

    "wrap-ansi/string-width": ["string-width@7.2.0", "", { "dependencies": { "emoji-regex": "^10.3.0", "get-east-asian-width": "^1.0.0", "strip-ansi": "^7.1.0" } }, "sha512-tsaTIkKW9b4N+AEj+SVA+WhJzV7/zMhcSu78mLKWSk7cXMOSHsBKFWUs0fWwq8QyK3MgJBQRX6Gbi4kYbdvGkQ=="],
  }
}
