{
  "lockfileVersion": 1,
  "configVersion": 1,
  "workspaces": {
    "": {
      "name": "agenie",
      "devDependencies": {
        "lefthook": "^2.0.13",
        "oxfmt": "^0.23.0",
        "oxlint": "^1.38.0",
      },
    },
    "packages/agent": {
      "name": "@agenie/agent",
      "version": "0.0.0",
      "dependencies": {
        "@agenie/cli": "workspace:*",
        "@agenie/ui": "workspace:*",
        "@agenie/utils": "workspace:*",
        "@ai-sdk/anthropic": "3.0.9",
        "@ai-sdk/google": "3.0.6",
        "@ai-sdk/openai": "3.0.7",
        "ai": "6.0.27",
        "react": "catalog:",
        "zod": "catalog:",
      },
      "devDependencies": {
        "@types/bun": "catalog:dev",
        "@types/react": "catalog:dev",
      },
    },
    "packages/cli": {
      "name": "@agenie/cli",
      "version": "0.0.0",
      "bin": {
        "agenie": "./src/index.tsx",
      },
      "dependencies": {
        "@agenie/agent": "workspace:*",
        "@agenie/ui": "workspace:*",
        "@agenie/utils": "workspace:*",
        "ink": "catalog:",
        "react": "catalog:",
        "zod": "catalog:",
      },
      "devDependencies": {
        "@types/bun": "catalog:dev",
        "@types/react": "catalog:dev",
        "typescript": "catalog:dev",
      },
    },
    "packages/mcp": {
      "name": "@agenie/mcp",
      "version": "0.0.0",
      "dependencies": {
        "@agenie/utils": "workspace:*",
      },
      "devDependencies": {
        "@types/bun": "catalog:dev",
        "typescript": "catalog:dev",
      },
    },
    "packages/ui": {
      "name": "@agenie/ui",
      "version": "0.0.0",
      "dependencies": {
        "@agenie/agent": "workspace:*",
        "@agenie/utils": "workspace:*",
        "ink": "catalog:",
        "ink-big-text": "2.0.0",
        "ink-spinner": "^5.0.0",
        "ink-text-input": "^6.0.0",
        "react": "catalog:",
      },
      "devDependencies": {
        "@types/bun": "catalog:dev",
        "@types/react": "catalog:dev",
        "react-devtools-core": "7.0.1",
        "typescript": "catalog:dev",
      },
    },
    "packages/utils": {
      "name": "@agenie/utils",
      "version": "0.0.0",
      "dependencies": {
        "@agenie/agent": "workspace:*",
        "zod": "catalog:",
      },
      "devDependencies": {
        "@types/bun": "catalog:dev",
        "typescript": "catalog:dev",
      },
    },
    "scripts": {
      "name": "@agenie/scripts",
      "version": "0.0.0",
      "devDependencies": {
        "@agenie/utils": "workspace:*",
        "@types/bun": "catalog:dev",
        "typescript": "catalog:dev",
      },
    },
  },
  "catalog": {
    "ink": "^6.0.1",
    "react": "^19.2.0",
    "zod": "^4.3.5",
  },
  "catalogs": {
    "dev": {
      "@types/bun": "^1.3.5",
      "@types/react": "^19.2.7",
      "typescript": "^5.9.3",
    },
    "testing": {
    },
  },
  "packages": {
    "@agenie/agent": ["@agenie/agent@workspace:packages/agent"],

    "@agenie/cli": ["@agenie/cli@workspace:packages/cli"],

    "@agenie/mcp": ["@agenie/mcp@workspace:packages/mcp"],

    "@agenie/scripts": ["@agenie/scripts@workspace:scripts"],

    "@agenie/ui": ["@agenie/ui@workspace:packages/ui"],

    "@agenie/utils": ["@agenie/utils@workspace:packages/utils"],

    "@ai-sdk/anthropic": ["@ai-sdk/anthropic@3.0.9", "", { "dependencies": { "@ai-sdk/provider": "3.0.2", "@ai-sdk/provider-utils": "4.0.4" }, "peerDependencies": { "zod": "^3.25.76 || ^4.1.8" } }, "sha512-QBD4qDnwIHd+N5PpjxXOaWJig1aRB43J0PM5ZUe6Yyl9Qq2bUmraQjvNznkuFKy+hMFDgj0AvgGogTiO5TC+qA=="],

    "@ai-sdk/gateway": ["@ai-sdk/gateway@3.0.11", "", { "dependencies": { "@ai-sdk/provider": "3.0.2", "@ai-sdk/provider-utils": "4.0.4", "@vercel/oidc": "3.1.0" }, "peerDependencies": { "zod": "^3.25.76 || ^4.1.8" } }, "sha512-gLrgNXA95wdo/zAlA0miX/SJEYKSYCHg+e0Y/uQeABLScZAMjPw3jWaeANta/Db1T4xfi8cBvY3nnV8Pa27z+w=="],

    "@ai-sdk/google": ["@ai-sdk/google@3.0.6", "", { "dependencies": { "@ai-sdk/provider": "3.0.2", "@ai-sdk/provider-utils": "4.0.4" }, "peerDependencies": { "zod": "^3.25.76 || ^4.1.8" } }, "sha512-Nr7E+ouWd/bKO9SFlgLnJJ1+fiGHC07KAeFr08faT+lvkECWlxVox3aL0dec8uCgBDUghYbq7f4S5teUrCc+QQ=="],

    "@ai-sdk/openai": ["@ai-sdk/openai@3.0.7", "", { "dependencies": { "@ai-sdk/provider": "3.0.2", "@ai-sdk/provider-utils": "4.0.4" }, "peerDependencies": { "zod": "^3.25.76 || ^4.1.8" } }, "sha512-CBoYn1U59Lop8yBL9KuVjHCKc/B06q9Qo0SasRwHoyMEq+X4I8LQZu3a8Ck1jwwcZTTxfyiExB70LtIRSynBDA=="],

    "@ai-sdk/provider": ["@ai-sdk/provider@3.0.2", "", { "dependencies": { "json-schema": "^0.4.0" } }, "sha512-HrEmNt/BH/hkQ7zpi2o6N3k1ZR1QTb7z85WYhYygiTxOQuaml4CMtHCWRbric5WPU+RNsYI7r1EpyVQMKO1pYw=="],

    "@ai-sdk/provider-utils": ["@ai-sdk/provider-utils@4.0.4", "", { "dependencies": { "@ai-sdk/provider": "3.0.2", "@standard-schema/spec": "^1.1.0", "eventsource-parser": "^3.0.6" }, "peerDependencies": { "zod": "^3.25.76 || ^4.1.8" } }, "sha512-VxhX0B/dWGbpNHxrKCWUAJKXIXV015J4e7qYjdIU9lLWeptk0KMLGcqkB4wFxff5Njqur8dt8wRi1MN9lZtDqg=="],

    "@alcalzone/ansi-tokenize": ["@alcalzone/ansi-tokenize@0.2.3", "", { "dependencies": { "ansi-styles": "^6.2.1", "is-fullwidth-code-point": "^5.0.0" } }, "sha512-jsElTJ0sQ4wHRz+C45tfect76BwbTbgkgKByOzpCN9xG61N5V6u/glvg1CsNJhq2xJIFpKHSwG3D2wPPuEYOrQ=="],

    "@opentelemetry/api": ["@opentelemetry/api@1.9.0", "", {}, "sha512-3giAOQvZiH5F9bMlMiv8+GSPMeqg0dbaeo58/0SlA9sxSqZhnUtxzX9/2FzyhS9sWQf5S0GJE0AKBrFqjpeYcg=="],

    "@oxfmt/darwin-arm64": ["@oxfmt/darwin-arm64@0.23.0", "", { "os": "darwin", "cpu": "arm64" }, "sha512-shGng2EjBspvuqtFtcjcKf0WoZ9QCdL8iLYgdOoKSiSQ9pPyLJ4jQf62yhm4b2PpZNVcV/20gV6d8SyKzg6SZQ=="],

    "@oxfmt/darwin-x64": ["@oxfmt/darwin-x64@0.23.0", "", { "os": "darwin", "cpu": "x64" }, "sha512-DxQ7Hm7B+6JiIkiRU3CSJmM15nTJDDezyaAv+x9NN8BfU0C49O8JuZIFu1Lr9AKEPV+ECIYM2X4HU0xm6IdiMQ=="],

    "@oxfmt/linux-arm64-gnu": ["@oxfmt/linux-arm64-gnu@0.23.0", "", { "os": "linux", "cpu": "arm64" }, "sha512-7qTXPpENi45sEKsaYFit4VRywPVkX+ZJc5JVA17KW1coJ/SLUuRAdLjRipU+QTZsr1TF93HCmGFSlUjB7lmEVQ=="],

    "@oxfmt/linux-arm64-musl": ["@oxfmt/linux-arm64-musl@0.23.0", "", { "os": "linux", "cpu": "arm64" }, "sha512-qkFXbf+K01B++j69o9mLvvyfhmmL4+qX7hGPA2PRDkE5xxuUTWdqboQQc1FgGI0teUlIYYyxjamq9UztL2A7NA=="],

    "@oxfmt/linux-x64-gnu": ["@oxfmt/linux-x64-gnu@0.23.0", "", { "os": "linux", "cpu": "x64" }, "sha512-J7Q13Ujyn8IgjHD96urA377GOy8HerxC13OrEyYaM8iwH3gc/EoboK9AKu0bxp9qai4btPFDhnkRnpCwJE9pAw=="],

    "@oxfmt/linux-x64-musl": ["@oxfmt/linux-x64-musl@0.23.0", "", { "os": "linux", "cpu": "x64" }, "sha512-3gb25Zk2/y4An8fi399KdpLkDYFTJEB5Nq/sSHmeXG0pZlR/jnKoXEFHsjU+9nqF2wsuZ+tmkoi/swcaGG8+Qg=="],

    "@oxfmt/win32-arm64": ["@oxfmt/win32-arm64@0.23.0", "", { "os": "win32", "cpu": "arm64" }, "sha512-JKfRP2ENWwRZ73rMZFyChvRi/+oDEW+3obp1XIwecot8gvDHgGZ4nX3hTp4VPiBFL89JORMpWSKzJvjRDucJIw=="],

    "@oxfmt/win32-x64": ["@oxfmt/win32-x64@0.23.0", "", { "os": "win32", "cpu": "x64" }, "sha512-vgqtYK1X1n/KexCNQKWXao3hyOnmWuCzk2sQyCSpkLhjSNIDPm7dmnEkvOXhf1t0O5RjCwHpk2VB6Fuaq3GULg=="],

    "@oxlint/darwin-arm64": ["@oxlint/darwin-arm64@1.38.0", "", { "os": "darwin", "cpu": "arm64" }, "sha512-9rN3047QTyA4i73FKikDUBdczRcLtOsIwZ5TsEx5Q7jr5nBjolhYQOFQf9QdhBLdInxw1iX4+lgdMCf1g74zjg=="],

    "@oxlint/darwin-x64": ["@oxlint/darwin-x64@1.38.0", "", { "os": "darwin", "cpu": "x64" }, "sha512-Y1UHW4KOlg5NvyrSn/bVBQP8/LRuid7Pnu+BWGbAVVsFcK0b565YgMSO3Eu9nU3w8ke91dr7NFpUmS+bVkdkbw=="],

    "@oxlint/linux-arm64-gnu": ["@oxlint/linux-arm64-gnu@1.38.0", "", { "os": "linux", "cpu": "arm64" }, "sha512-ZiVxPZizlXSnAMdkEFWX/mAj7U3bNiku8p6I9UgLrXzgGSSAhFobx8CaFGwVoKyWOd+gQgZ/ogCrunvx2k0CFg=="],

    "@oxlint/linux-arm64-musl": ["@oxlint/linux-arm64-musl@1.38.0", "", { "os": "linux", "cpu": "arm64" }, "sha512-ELtlCIGZ72A65ATZZHFxHMFrkRtY+DYDCKiNKg6v7u5PdeOFey+OlqRXgXtXlxWjCL+g7nivwI2FPVsWqf05Qw=="],

    "@oxlint/linux-x64-gnu": ["@oxlint/linux-x64-gnu@1.38.0", "", { "os": "linux", "cpu": "x64" }, "sha512-E1OcDh30qyng1m0EIlsOuapYkqk5QB6o6IMBjvDKqIoo6IrjlVAasoJfS/CmSH998gXRL3BcAJa6Qg9IxPFZnQ=="],

    "@oxlint/linux-x64-musl": ["@oxlint/linux-x64-musl@1.38.0", "", { "os": "linux", "cpu": "x64" }, "sha512-4AfpbM/4sQnr6S1dMijEPfsq4stQbN5vJ2jsahSy/QTcvIVbFkgY+RIhrA5UWlC6eb0rD5CdaPQoKGMJGeXpYw=="],

    "@oxlint/win32-arm64": ["@oxlint/win32-arm64@1.38.0", "", { "os": "win32", "cpu": "arm64" }, "sha512-OvUVYdI68OwXh3d1RjH9N/okCxb6PrOGtEtzXyqGA7Gk+IxyZcX0/QCTBwV8FNbSSzDePSSEHOKpoIB+VXdtvg=="],

    "@oxlint/win32-x64": ["@oxlint/win32-x64@1.38.0", "", { "os": "win32", "cpu": "x64" }, "sha512-7IuZMYiZiOcgg5zHvpJY6jRlEwh8EB/uq7GsoQJO9hANq96TIjyntGByhIjFSsL4asyZmhTEki+MO/u5Fb/WQA=="],

    "@standard-schema/spec": ["@standard-schema/spec@1.1.0", "", {}, "sha512-l2aFy5jALhniG5HgqrD6jXLi/rUWrKvqN/qJx6yoJsgKhblVd+iqqU4RCXavm/jPityDo5TCvKMnpjKnOriy0w=="],

    "@types/bun": ["@types/bun@1.3.5", "", { "dependencies": { "bun-types": "1.3.5" } }, "sha512-RnygCqNrd3srIPEWBd5LFeUYG7plCoH2Yw9WaZGyNmdTEei+gWaHqydbaIRkIkcbXwhBT94q78QljxN0Sk838w=="],

    "@types/node": ["@types/node@25.0.6", "", { "dependencies": { "undici-types": "~7.16.0" } }, "sha512-NNu0sjyNxpoiW3YuVFfNz7mxSQ+S4X2G28uqg2s+CzoqoQjLPsWSbsFFyztIAqt2vb8kfEAsJNepMGPTxFDx3Q=="],

    "@types/react": ["@types/react@19.2.8", "", { "dependencies": { "csstype": "^3.2.2" } }, "sha512-3MbSL37jEchWZz2p2mjntRZtPt837ij10ApxKfgmXCTuHWagYg7iA5bqPw6C8BMPfwidlvfPI/fxOc42HLhcyg=="],

    "@vercel/oidc": ["@vercel/oidc@3.1.0", "", {}, "sha512-Fw28YZpRnA3cAHHDlkt7xQHiJ0fcL+NRcIqsocZQUSmbzeIKRpwttJjik5ZGanXP+vlA4SbTg+AbA3bP363l+w=="],

    "ai": ["ai@6.0.27", "", { "dependencies": { "@ai-sdk/gateway": "3.0.11", "@ai-sdk/provider": "3.0.2", "@ai-sdk/provider-utils": "4.0.4", "@opentelemetry/api": "1.9.0" }, "peerDependencies": { "zod": "^3.25.76 || ^4.1.8" } }, "sha512-a4ToMt5+4xOzHuYdoTy2GQXuNa2/Tpuhxfs5QESHtEV/Vf2HAzSwmTwikrIs8CDKPuMWV1I9YqAvaN5xexMCiQ=="],

    "ansi-escapes": ["ansi-escapes@7.2.0", "", { "dependencies": { "environment": "^1.0.0" } }, "sha512-g6LhBsl+GBPRWGWsBtutpzBYuIIdBkLEvad5C/va/74Db018+5TZiyA26cZJAr3Rft5lprVqOIPxf5Vid6tqAw=="],

    "ansi-regex": ["ansi-regex@6.2.2", "", {}, "sha512-Bq3SmSpyFHaWjPk8If9yc6svM8c56dB5BAtW4Qbw5jHTwwXXcTLoRMkpDJp6VL0XzlWaCHTXrkFURMYmD0sLqg=="],

    "ansi-styles": ["ansi-styles@6.2.3", "", {}, "sha512-4Dj6M28JB+oAH8kFkTLUo+a2jwOFkuqb3yucU0CANcRRUbxS0cP0nZYCGjcc3BNXwRIsUVmDGgzawme7zvJHvg=="],

    "auto-bind": ["auto-bind@5.0.1", "", {}, "sha512-ooviqdwwgfIfNmDwo94wlshcdzfO64XV0Cg6oDsDYBJfITDz1EngD2z7DkbvCWn+XIMsIqW27sEVF6qcpJrRcg=="],

    "bun-types": ["bun-types@1.3.5", "", { "dependencies": { "@types/node": "*" } }, "sha512-inmAYe2PFLs0SUbFOWSVD24sg1jFlMPxOjOSSCYqUgn4Hsc3rDc7dFvfVYjFPNHtov6kgUeulV4SxbuIV/stPw=="],

    "cfonts": ["cfonts@3.3.1", "", { "dependencies": { "supports-color": "^8", "window-size": "^1" }, "bin": { "cfonts": "bin/index.js" } }, "sha512-ZGEmN3W9mViWEDjsuPo4nK4h39sfh6YtoneFYp9WLPI/rw8BaSSrfQC6jkrGW3JMvV3ZnExJB/AEqXc/nHYxkw=="],

    "chalk": ["chalk@5.6.2", "", {}, "sha512-7NzBL0rN6fMUW+f7A6Io4h40qQlG+xGmtMxfbnH/K7TAtt8JQWVQK+6g0UXKMeVJoyV5EkkNsErQ8pVD3bLHbA=="],

    "cli-boxes": ["cli-boxes@3.0.0", "", {}, "sha512-/lzGpEWL/8PfI0BmBOPRwp0c/wFNX1RdUML3jK/RcSBA9T8mZDdQpqYBKtCFTOfQbwPqWEOpjqW+Fnayc0969g=="],

    "cli-cursor": ["cli-cursor@4.0.0", "", { "dependencies": { "restore-cursor": "^4.0.0" } }, "sha512-VGtlMu3x/4DOtIUwEkRezxUZ2lBacNJCHash0N0WeZDBS+7Ux1dm3XWAgWYxLJFMMdOeXMHXorshEFhbMSGelg=="],

    "cli-spinners": ["cli-spinners@2.9.2", "", {}, "sha512-ywqV+5MmyL4E7ybXgKys4DugZbX0FC6LnwrhjuykIjnK9k8OQacQ7axGKnjDXWNhns0xot3bZI5h55H8yo9cJg=="],

    "cli-truncate": ["cli-truncate@5.1.1", "", { "dependencies": { "slice-ansi": "^7.1.0", "string-width": "^8.0.0" } }, "sha512-SroPvNHxUnk+vIW/dOSfNqdy1sPEFkrTk6TUtqLCnBlo3N7TNYYkzzN7uSD6+jVjrdO4+p8nH7JzH6cIvUem6A=="],

    "code-excerpt": ["code-excerpt@4.0.0", "", { "dependencies": { "convert-to-spaces": "^2.0.1" } }, "sha512-xxodCmBen3iy2i0WtAK8FlFNrRzjUqjRsMfho58xT/wvZU1YTM3fCnRjcy1gJPMepaRlgm/0e6w8SpWHpn3/cA=="],

    "convert-to-spaces": ["convert-to-spaces@2.0.1", "", {}, "sha512-rcQ1bsQO9799wq24uE5AM2tAILy4gXGIK/njFWcVQkGNZ96edlpY+A7bjwvzjYvLDyzmG1MmMLZhpcsb+klNMQ=="],

    "csstype": ["csstype@3.2.3", "", {}, "sha512-z1HGKcYy2xA8AGQfwrn0PAy+PB7X/GSj3UVJW9qKyn43xWa+gl5nXmU4qqLMRzWVLFC8KusUX8T/0kCiOYpAIQ=="],

    "define-property": ["define-property@1.0.0", "", { "dependencies": { "is-descriptor": "^1.0.0" } }, "sha512-cZTYKFWspt9jZsMscWo8sc/5lbPC9Q0N5nBLgb+Yd915iL3udB1uFgS3B8YCx66UVHq018DAVFoee7x+gxggeA=="],

    "emoji-regex": ["emoji-regex@10.6.0", "", {}, "sha512-toUI84YS5YmxW219erniWD0CIVOo46xGKColeNQRgOzDorgBi1v4D71/OFzgD9GO2UGKIv1C3Sp8DAn0+j5w7A=="],

    "environment": ["environment@1.1.0", "", {}, "sha512-xUtoPkMggbz0MPyPiIWr1Kp4aeWJjDZ6SMvURhimjdZgsRuDplF5/s9hcgGhyXMhs+6vpnuoiZ2kFiu3FMnS8Q=="],

    "es-toolkit": ["es-toolkit@1.43.0", "", {}, "sha512-SKCT8AsWvYzBBuUqMk4NPwFlSdqLpJwmy6AP322ERn8W2YLIB6JBXnwMI2Qsh2gfphT3q7EKAxKb23cvFHFwKA=="],

    "escape-string-regexp": ["escape-string-regexp@2.0.0", "", {}, "sha512-UpzcLCXolUWcNu5HtVMHYdXJjArjsF9C0aNnquZYY4uW/Vu0miy5YoWvbV345HauVvcAUnpRuhMMcqTcGOY2+w=="],

    "eventsource-parser": ["eventsource-parser@3.0.6", "", {}, "sha512-Vo1ab+QXPzZ4tCa8SwIHJFaSzy4R6SHf7BY79rFBDf0idraZWAkYrDjDj8uWaSm3S2TK+hJ7/t1CEmZ7jXw+pg=="],

    "function-bind": ["function-bind@1.1.2", "", {}, "sha512-7XHNxH7qX9xG5mIwxkhumTox/MIRNcOgDrxWsMt2pAr23WHp6MrRlN7FBSFpCpr+oVO0F744iUgR82nJMfG2SA=="],

    "get-east-asian-width": ["get-east-asian-width@1.4.0", "", {}, "sha512-QZjmEOC+IT1uk6Rx0sX22V6uHWVwbdbxf1faPqJ1QhLdGgsRGCZoyaQBm/piRdJy/D2um6hM1UP7ZEeQ4EkP+Q=="],

    "has-flag": ["has-flag@4.0.0", "", {}, "sha512-EykJT/Q1KjTWctppgIAgfSO0tKVuZUjhgMr17kqTumMl6Afv3EISleU7qZUzoXDFTAHTDC4NOoG/ZxU3EvlMPQ=="],

    "hasown": ["hasown@2.0.2", "", { "dependencies": { "function-bind": "^1.1.2" } }, "sha512-0hJU9SCPvmMzIBdZFqNPXWa6dqh7WdH0cII9y+CyS8rG3nL48Bclra9HmKhVVUHyPWNH5Y7xDwAB7bfgSjkUMQ=="],

    "indent-string": ["indent-string@5.0.0", "", {}, "sha512-m6FAo/spmsW2Ab2fU35JTYwtOKa2yAwXSwgjSv1TJzh4Mh7mC3lzAOVLBprb72XsTrgkEIsl7YrFNAiDiRhIGg=="],

    "ink": ["ink@6.6.0", "", { "dependencies": { "@alcalzone/ansi-tokenize": "^0.2.1", "ansi-escapes": "^7.2.0", "ansi-styles": "^6.2.1", "auto-bind": "^5.0.1", "chalk": "^5.6.0", "cli-boxes": "^3.0.0", "cli-cursor": "^4.0.0", "cli-truncate": "^5.1.1", "code-excerpt": "^4.0.0", "es-toolkit": "^1.39.10", "indent-string": "^5.0.0", "is-in-ci": "^2.0.0", "patch-console": "^2.0.0", "react-reconciler": "^0.33.0", "signal-exit": "^3.0.7", "slice-ansi": "^7.1.0", "stack-utils": "^2.0.6", "string-width": "^8.1.0", "type-fest": "^4.27.0", "widest-line": "^5.0.0", "wrap-ansi": "^9.0.0", "ws": "^8.18.0", "yoga-layout": "~3.2.1" }, "peerDependencies": { "@types/react": ">=19.0.0", "react": ">=19.0.0", "react-devtools-core": "^6.1.2" }, "optionalPeers": ["@types/react", "react-devtools-core"] }, "sha512-QDt6FgJxgmSxAelcOvOHUvFxbIUjVpCH5bx+Slvc5m7IEcpGt3dYwbz/L+oRnqEGeRvwy1tineKK4ect3nW1vQ=="],

    "ink-big-text": ["ink-big-text@2.0.0", "", { "dependencies": { "cfonts": "^3.1.1", "prop-types": "^15.8.1" }, "peerDependencies": { "ink": ">=4", "react": ">=18" } }, "sha512-Juzqv+rIOLGuhMJiE50VtS6dg6olWfzFdL7wsU/EARSL5Eaa5JNXMogMBm9AkjgzO2Y3UwWCOh87jbhSn8aNdw=="],

    "ink-spinner": ["ink-spinner@5.0.0", "", { "dependencies": { "cli-spinners": "^2.7.0" }, "peerDependencies": { "ink": ">=4.0.0", "react": ">=18.0.0" } }, "sha512-EYEasbEjkqLGyPOUc8hBJZNuC5GvXGMLu0w5gdTNskPc7Izc5vO3tdQEYnzvshucyGCBXc86ig0ujXPMWaQCdA=="],

    "ink-text-input": ["ink-text-input@6.0.0", "", { "dependencies": { "chalk": "^5.3.0", "type-fest": "^4.18.2" }, "peerDependencies": { "ink": ">=5", "react": ">=18" } }, "sha512-Fw64n7Yha5deb1rHY137zHTAbSTNelUKuB5Kkk2HACXEtwIHBCf9OH2tP/LQ9fRYTl1F0dZgbW0zPnZk6FA9Lw=="],

    "is-accessor-descriptor": ["is-accessor-descriptor@1.0.1", "", { "dependencies": { "hasown": "^2.0.0" } }, "sha512-YBUanLI8Yoihw923YeFUS5fs0fF2f5TSFTNiYAAzhhDscDa3lEqYuz1pDOEP5KvX94I9ey3vsqjJcLVFVU+3QA=="],

    "is-buffer": ["is-buffer@1.1.6", "", {}, "sha512-NcdALwpXkTm5Zvvbk7owOUSvVvBKDgKP5/ewfXEznmQFfs4ZRmanOeKBTjRVjka3QFoN6XJ+9F3USqfHqTaU5w=="],

    "is-data-descriptor": ["is-data-descriptor@1.0.1", "", { "dependencies": { "hasown": "^2.0.0" } }, "sha512-bc4NlCDiCr28U4aEsQ3Qs2491gVq4V8G7MQyws968ImqjKuYtTJXrl7Vq7jsN7Ly/C3xj5KWFrY7sHNeDkAzXw=="],

    "is-descriptor": ["is-descriptor@1.0.3", "", { "dependencies": { "is-accessor-descriptor": "^1.0.1", "is-data-descriptor": "^1.0.1" } }, "sha512-JCNNGbwWZEVaSPtS45mdtrneRWJFp07LLmykxeFV5F6oBvNF8vHSfJuJgoT472pSfk+Mf8VnlrspaFBHWM8JAw=="],

    "is-fullwidth-code-point": ["is-fullwidth-code-point@5.1.0", "", { "dependencies": { "get-east-asian-width": "^1.3.1" } }, "sha512-5XHYaSyiqADb4RnZ1Bdad6cPp8Toise4TzEjcOYDHZkTCbKgiUl7WTUCpNWHuxmDt91wnsZBc9xinNzopv3JMQ=="],

    "is-in-ci": ["is-in-ci@2.0.0", "", { "bin": { "is-in-ci": "cli.js" } }, "sha512-cFeerHriAnhrQSbpAxL37W1wcJKUUX07HyLWZCW1URJT/ra3GyUTzBgUnh24TMVfNTV2Hij2HLxkPHFZfOZy5w=="],

    "is-number": ["is-number@3.0.0", "", { "dependencies": { "kind-of": "^3.0.2" } }, "sha512-4cboCqIpliH+mAvFNegjZQ4kgKc3ZUhQVr3HvWbSh5q3WH2v82ct+T2Y1hdU5Gdtorx/cLifQjqCbL7bpznLTg=="],

    "js-tokens": ["js-tokens@4.0.0", "", {}, "sha512-RdJUflcE3cUzKiMqQgsCu06FPu9UdIJO0beYbPhHN4k6apgJtifcoCtT9bcxOpYBtpD2kCM6Sbzg4CausW/PKQ=="],

    "json-schema": ["json-schema@0.4.0", "", {}, "sha512-es94M3nTIfsEPisRafak+HDLfHXnKBhV3vU5eqPcS3flIWqcxJWgXHXiey3YrpaNsanY5ei1VoYEbOzijuq9BA=="],

    "kind-of": ["kind-of@3.2.2", "", { "dependencies": { "is-buffer": "^1.1.5" } }, "sha512-NOW9QQXMoZGg/oqnVNoNTTIFEIid1627WCffUBJEdMxYApq7mNE7CpzucIPc+ZQg25Phej7IJSmX3hO+oblOtQ=="],

    "lefthook": ["lefthook@2.0.13", "", { "optionalDependencies": { "lefthook-darwin-arm64": "2.0.13", "lefthook-darwin-x64": "2.0.13", "lefthook-freebsd-arm64": "2.0.13", "lefthook-freebsd-x64": "2.0.13", "lefthook-linux-arm64": "2.0.13", "lefthook-linux-x64": "2.0.13", "lefthook-openbsd-arm64": "2.0.13", "lefthook-openbsd-x64": "2.0.13", "lefthook-windows-arm64": "2.0.13", "lefthook-windows-x64": "2.0.13" }, "bin": { "lefthook": "bin/index.js" } }, "sha512-D39rCVl7/GpqakvhQvqz07SBpzUWTvWjXKnBZyIy8O6D+Lf9xD6tnbHtG5nWXd9iPvv1AKGQwL9R/e5rNtV6SQ=="],

    "lefthook-darwin-arm64": ["lefthook-darwin-arm64@2.0.13", "", { "os": "darwin", "cpu": "arm64" }, "sha512-KbQqpNSNTugjtPzt97CNcy/XZy5asJ0+uSLoHc4ML8UCJdsXKYJGozJHNwAd0Xfci/rQlj82A7rPOuTdh0jY0Q=="],

    "lefthook-darwin-x64": ["lefthook-darwin-x64@2.0.13", "", { "os": "darwin", "cpu": "x64" }, "sha512-s/vI6sEE8/+rE6CONZzs59LxyuSc/KdU+/3adkNx+Q13R1+p/AvQNeszg3LAHzXmF3NqlxYf8jbj/z5vBzEpRw=="],

    "lefthook-freebsd-arm64": ["lefthook-freebsd-arm64@2.0.13", "", { "os": "freebsd", "cpu": "arm64" }, "sha512-iQeJTU7Zl8EJlCMQxNZQpJFAQ9xl40pydUIv5SYnbJ4nqIr9ONuvrioNv6N2LtKP5aBl1nIWQQ9vMjgVyb3k+A=="],

    "lefthook-freebsd-x64": ["lefthook-freebsd-x64@2.0.13", "", { "os": "freebsd", "cpu": "x64" }, "sha512-99cAXKRIzpq/u3obUXbOQJCHP+0ZkJbN3TF+1ZQZlRo3Y6+mPSCg9fh/oi6dgbtu4gTI5Ifz3o5p2KZzAIF9ZQ=="],

    "lefthook-linux-arm64": ["lefthook-linux-arm64@2.0.13", "", { "os": "linux", "cpu": "arm64" }, "sha512-RWarenY3kLy/DT4/8dY2bwDlYwlELRq9MIFq+FiMYmoBHES3ckWcLX2JMMlM49Y672paQc7MbneSrNUn/FQWhg=="],

    "lefthook-linux-x64": ["lefthook-linux-x64@2.0.13", "", { "os": "linux", "cpu": "x64" }, "sha512-QZRcxXGf8Uj/75ITBqoBh0zWhJE7+uFoRxEHwBq0Qjv55Q4KcFm7FBN/IFQCSd14reY5pmY3kDaWVVy60cAGJA=="],

    "lefthook-openbsd-arm64": ["lefthook-openbsd-arm64@2.0.13", "", { "os": "openbsd", "cpu": "arm64" }, "sha512-LAuOWwnNmOlRE0RxKMOhIz5Kr9tXi0rCjzXtDARW9lvfAV6Br2wP+47q0rqQ8m/nVwBYoxfJ/RDunLbb86O1nA=="],

    "lefthook-openbsd-x64": ["lefthook-openbsd-x64@2.0.13", "", { "os": "openbsd", "cpu": "x64" }, "sha512-n9TIN3QLncyxOHomiKKwzDFHKOCm5H28CVNAZFouKqDwEaUGCs5TJI88V85j4/CgmLVUU8uUn4ClVCxIWYG59w=="],

    "lefthook-windows-arm64": ["lefthook-windows-arm64@2.0.13", "", { "os": "win32", "cpu": "arm64" }, "sha512-sdSC4F9Di7y0t43Of9MOA5g/0CmvkM4juQ3sKfUhRcoygetLJn4PR2/pvuDOIaGf4mNMXBP5IrcKaeDON9HrcA=="],

    "lefthook-windows-x64": ["lefthook-windows-x64@2.0.13", "", { "os": "win32", "cpu": "x64" }, "sha512-ccl1v7Fl10qYoghEtjXN+JC1x/y/zLM/NSHf3NFGeKEGBNd1P5d/j6w8zVmhfzi+ekS8whXrcNbRAkLdAqUrSw=="],

    "loose-envify": ["loose-envify@1.4.0", "", { "dependencies": { "js-tokens": "^3.0.0 || ^4.0.0" }, "bin": { "loose-envify": "cli.js" } }, "sha512-lyuxPGr/Wfhrlem2CL/UcnUc1zcqKAImBDzukY7Y5F/yQiNdko6+fRLevlw1HgMySw7f611UIY408EtxRSoK3Q=="],

    "mimic-fn": ["mimic-fn@2.1.0", "", {}, "sha512-OqbOk5oEQeAZ8WXWydlu9HJjz9WVdEIvamMCcXmuqUYjTknH/sqsWvhQ3vgwKFRR1HpjvNBKQ37nbJgYzGqGcg=="],

    "object-assign": ["object-assign@4.1.1", "", {}, "sha512-rJgTQnkUnH1sFw8yT6VSU3zD3sWmu6sZhIseY8VX+GRu3P6F7Fu+JNDoXfklElbLJSnc3FUQHVe4cU5hj+BcUg=="],

    "onetime": ["onetime@5.1.2", "", { "dependencies": { "mimic-fn": "^2.1.0" } }, "sha512-kbpaSSGJTWdAY5KPVeMOKXSrPtr8C8C7wodJbcsd51jRnmD+GZu8Y0VoU6Dm5Z4vWr0Ig/1NKuWRKf7j5aaYSg=="],

    "oxfmt": ["oxfmt@0.23.0", "", { "dependencies": { "tinypool": "2.0.0" }, "optionalDependencies": { "@oxfmt/darwin-arm64": "0.23.0", "@oxfmt/darwin-x64": "0.23.0", "@oxfmt/linux-arm64-gnu": "0.23.0", "@oxfmt/linux-arm64-musl": "0.23.0", "@oxfmt/linux-x64-gnu": "0.23.0", "@oxfmt/linux-x64-musl": "0.23.0", "@oxfmt/win32-arm64": "0.23.0", "@oxfmt/win32-x64": "0.23.0" }, "bin": { "oxfmt": "bin/oxfmt" } }, "sha512-dh4rlNBua93aVf2ZaDecbQxVLMnUUTvDi1K1fdvBdontQeEf6K22Z1KQg5QKl2D9aNFeFph+wOVwcjjYUIO6Mw=="],

    "oxlint": ["oxlint@1.38.0", "", { "optionalDependencies": { "@oxlint/darwin-arm64": "1.38.0", "@oxlint/darwin-x64": "1.38.0", "@oxlint/linux-arm64-gnu": "1.38.0", "@oxlint/linux-arm64-musl": "1.38.0", "@oxlint/linux-x64-gnu": "1.38.0", "@oxlint/linux-x64-musl": "1.38.0", "@oxlint/win32-arm64": "1.38.0", "@oxlint/win32-x64": "1.38.0" }, "peerDependencies": { "oxlint-tsgolint": ">=0.10.0" }, "optionalPeers": ["oxlint-tsgolint"], "bin": { "oxlint": "bin/oxlint" } }, "sha512-XT7tBinQS+hVLxtfJOnokJ9qVBiQvZqng40tDgR6qEJMRMnpVq/JwYfbYyGntSq8MO+Y+N9M1NG4bAMFUtCJiw=="],

    "patch-console": ["patch-console@2.0.0", "", {}, "sha512-0YNdUceMdaQwoKce1gatDScmMo5pu/tfABfnzEqeG0gtTmd7mh/WcwgUjtAeOU7N8nFFlbQBnFK2gXW5fGvmMA=="],

    "prop-types": ["prop-types@15.8.1", "", { "dependencies": { "loose-envify": "^1.4.0", "object-assign": "^4.1.1", "react-is": "^16.13.1" } }, "sha512-oj87CgZICdulUohogVAR7AjlC0327U4el4L6eAvOqCeudMDVU0NThNaV+b9Df4dXgSP1gXMTnPdhfe/2qDH5cg=="],

    "react": ["react@19.2.3", "", {}, "sha512-Ku/hhYbVjOQnXDZFv2+RibmLFGwFdeeKHFcOTlrt7xplBnya5OGn/hIRDsqDiSUcfORsDC7MPxwork8jBwsIWA=="],

    "react-devtools-core": ["react-devtools-core@7.0.1", "", { "dependencies": { "shell-quote": "^1.6.1", "ws": "^7" } }, "sha512-C3yNvRHaizlpiASzy7b9vbnBGLrhvdhl1CbdU6EnZgxPNbai60szdLtl+VL76UNOt5bOoVTOz5rNWZxgGt+Gsw=="],

    "react-is": ["react-is@16.13.1", "", {}, "sha512-24e6ynE2H+OKt4kqsOvNd8kBpV65zoxbA4BVsEOB3ARVWQki/DHzaUoC5KuON/BiccDaCCTZBuOcfZs70kR8bQ=="],

    "react-reconciler": ["react-reconciler@0.33.0", "", { "dependencies": { "scheduler": "^0.27.0" }, "peerDependencies": { "react": "^19.2.0" } }, "sha512-KetWRytFv1epdpJc3J4G75I4WrplZE5jOL7Yq0p34+OVOKF4Se7WrdIdVC45XsSSmUTlht2FM/fM1FZb1mfQeA=="],

    "restore-cursor": ["restore-cursor@4.0.0", "", { "dependencies": { "onetime": "^5.1.0", "signal-exit": "^3.0.2" } }, "sha512-I9fPXU9geO9bHOt9pHHOhOkYerIMsmVaWB0rA2AI9ERh/+x/i7MV5HKBNrg+ljO5eoPVgCcnFuRjJ9uH6I/3eg=="],

    "scheduler": ["scheduler@0.27.0", "", {}, "sha512-eNv+WrVbKu1f3vbYJT/xtiF5syA5HPIMtf9IgY/nKg0sWqzAUEvqY/xm7OcZc/qafLx/iO9FgOmeSAp4v5ti/Q=="],

    "shell-quote": ["shell-quote@1.8.3", "", {}, "sha512-ObmnIF4hXNg1BqhnHmgbDETF8dLPCggZWBjkQfhZpbszZnYur5DUljTcCHii5LC3J5E0yeO/1LIMyH+UvHQgyw=="],

    "signal-exit": ["signal-exit@3.0.7", "", {}, "sha512-wnD2ZE+l+SPC/uoS0vXeE9L1+0wuaMqKlfz9AMUo38JsyLSBWSFcHR1Rri62LZc12vLr1gb3jl7iwQhgwpAbGQ=="],

    "slice-ansi": ["slice-ansi@7.1.2", "", { "dependencies": { "ansi-styles": "^6.2.1", "is-fullwidth-code-point": "^5.0.0" } }, "sha512-iOBWFgUX7caIZiuutICxVgX1SdxwAVFFKwt1EvMYYec/NWO5meOJ6K5uQxhrYBdQJne4KxiqZc+KptFOWFSI9w=="],

    "stack-utils": ["stack-utils@2.0.6", "", { "dependencies": { "escape-string-regexp": "^2.0.0" } }, "sha512-XlkWvfIm6RmsWtNJx+uqtKLS8eqFbxUg0ZzLXqY0caEy9l7hruX8IpiDnjsLavoBgqCCR71TqWO8MaXYheJ3RQ=="],

    "string-width": ["string-width@8.1.0", "", { "dependencies": { "get-east-asian-width": "^1.3.0", "strip-ansi": "^7.1.0" } }, "sha512-Kxl3KJGb/gxkaUMOjRsQ8IrXiGW75O4E3RPjFIINOVH8AMl2SQ/yWdTzWwF3FevIX9LcMAjJW+GRwAlAbTSXdg=="],

    "strip-ansi": ["strip-ansi@7.1.2", "", { "dependencies": { "ansi-regex": "^6.0.1" } }, "sha512-gmBGslpoQJtgnMAvOVqGZpEz9dyoKTCzy2nfz/n8aIFhN/jCE/rCmcxabB6jOOHV+0WNnylOxaxBQPSvcWklhA=="],

    "supports-color": ["supports-color@8.1.1", "", { "dependencies": { "has-flag": "^4.0.0" } }, "sha512-MpUEN2OodtUzxvKQl72cUF7RQ5EiHsGvSsVG0ia9c5RbWGL2CI4C7EpPS8UTBIplnlzZiNuV56w+FuNxy3ty2Q=="],

    "tinypool": ["tinypool@2.0.0", "", {}, "sha512-/RX9RzeH2xU5ADE7n2Ykvmi9ED3FBGPAjw9u3zucrNNaEBIO0HPSYgL0NT7+3p147ojeSdaVu08F6hjpv31HJg=="],

    "type-fest": ["type-fest@4.41.0", "", {}, "sha512-TeTSQ6H5YHvpqVwBRcnLDCBnDOHWYu7IvGbHT6N8AOymcr9PJGjc1GTtiWZTYg0NCgYwvnYWEkVChQAr9bjfwA=="],

    "typescript": ["typescript@5.9.3", "", { "bin": { "tsc": "bin/tsc", "tsserver": "bin/tsserver" } }, "sha512-jl1vZzPDinLr9eUt3J/t7V6FgNEw9QjvBPdysz9KfQDD41fQrC2Y4vKQdiaUpFT4bXlb1RHhLpp8wtm6M5TgSw=="],

    "undici-types": ["undici-types@7.16.0", "", {}, "sha512-Zz+aZWSj8LE6zoxD+xrjh4VfkIG8Ya6LvYkZqtUQGJPZjYl53ypCaUwWqo7eI0x66KBGeRo+mlBEkMSeSZ38Nw=="],

    "widest-line": ["widest-line@5.0.0", "", { "dependencies": { "string-width": "^7.0.0" } }, "sha512-c9bZp7b5YtRj2wOe6dlj32MK+Bx/M/d+9VB2SHM1OtsUHR0aV0tdP6DWh/iMt0kWi1t5g1Iudu6hQRNd1A4PVA=="],

    "window-size": ["window-size@1.1.1", "", { "dependencies": { "define-property": "^1.0.0", "is-number": "^3.0.0" }, "bin": { "window-size": "cli.js" } }, "sha512-5D/9vujkmVQ7pSmc0SCBmHXbkv6eaHwXEx65MywhmUMsI8sGqJ972APq1lotfcwMKPFLuCFfL8xGHLIp7jaBmA=="],

    "wrap-ansi": ["wrap-ansi@9.0.2", "", { "dependencies": { "ansi-styles": "^6.2.1", "string-width": "^7.0.0", "strip-ansi": "^7.1.0" } }, "sha512-42AtmgqjV+X1VpdOfyTGOYRi0/zsoLqtXQckTmqTeybT+BDIbM/Guxo7x3pE2vtpr1ok6xRqM9OpBe+Jyoqyww=="],

    "ws": ["ws@8.19.0", "", { "peerDependencies": { "bufferutil": "^4.0.1", "utf-8-validate": ">=5.0.2" }, "optionalPeers": ["bufferutil", "utf-8-validate"] }, "sha512-blAT2mjOEIi0ZzruJfIhb3nps74PRWTCz1IjglWEEpQl5XS/UNama6u2/rjFkDDouqr4L67ry+1aGIALViWjDg=="],

    "yoga-layout": ["yoga-layout@3.2.1", "", {}, "sha512-0LPOt3AxKqMdFBZA3HBAt/t/8vIKq7VaQYbuA8WxCgung+p9TVyKRYdpvCb80HcdTN2NkbIKbhNwKUfm3tQywQ=="],

    "zod": ["zod@4.3.5", "", {}, "sha512-k7Nwx6vuWx1IJ9Bjuf4Zt1PEllcwe7cls3VNzm4CQ1/hgtFUK2bRNG3rvnpPUhFjmqJKAKtjV576KnUkHocg/g=="],

    "react-devtools-core/ws": ["ws@7.5.10", "", { "peerDependencies": { "bufferutil": "^4.0.1", "utf-8-validate": "^5.0.2" }, "optionalPeers": ["bufferutil", "utf-8-validate"] }, "sha512-+dbF1tHwZpXcbOJdVOkzLDxZP1ailvSxM6ZweXTegylPny803bFhA+vqBYw4s31NSAk4S2Qz+AKXK9a4wkdjcQ=="],

    "widest-line/string-width": ["string-width@7.2.0", "", { "dependencies": { "emoji-regex": "^10.3.0", "get-east-asian-width": "^1.0.0", "strip-ansi": "^7.1.0" } }, "sha512-tsaTIkKW9b4N+AEj+SVA+WhJzV7/zMhcSu78mLKWSk7cXMOSHsBKFWUs0fWwq8QyK3MgJBQRX6Gbi4kYbdvGkQ=="],

    "wrap-ansi/string-width": ["string-width@7.2.0", "", { "dependencies": { "emoji-regex": "^10.3.0", "get-east-asian-width": "^1.0.0", "strip-ansi": "^7.1.0" } }, "sha512-tsaTIkKW9b4N+AEj+SVA+WhJzV7/zMhcSu78mLKWSk7cXMOSHsBKFWUs0fWwq8QyK3MgJBQRX6Gbi4kYbdvGkQ=="],
  }
}
